PODS:
  - Alamofire (5.10.2)
  - GRDB.swift (6.24.1):
    - GRDB.swift/standard (= 6.24.1)
  - GRDB.swift/standard (6.24.1)
  - Signals (6.1.0)
  - SwiftyJSON (5.0.2)

DEPENDENCIES:
  - Alamofire
  - GRDB.swift (~> 6.0)
  - Signals
  - SwiftyJSON

SPEC REPOS:
  trunk:
    - Alamofire
    - GRDB.swift
    - Signals
    - SwiftyJSON

SPEC CHECKSUMS:
  Alamofire: 7193b3b92c74a07f85569e1a6c4f4237291e7496
  GRDB.swift: 136dcb5d8dddca50aae3ba7d77475f79e7232cd8
  Signals: f8e5c979e93c35273f8dfe55ee7f47213d3e8fe8
  SwiftyJSON: f5b1bf1cd8dd53cd25887ac0eabcfd92301c6a5a

PODFILE CHECKSUM: 41685016cfa241438c9d7a58421ffbbc84755066

COCOAPODS: 1.16.2
