// !$*UTF8*$!
{
	archiveVersion = 1;
	classes = {
	};
	objectVersion = 48;
	objects = {

/* Begin PBXBuildFile section */
		7915AFD1209FF46600625E43 /* HourlyForecastCell.swift in Sources */ = {isa = PBXBuildFile; fileRef = 7915AFD0209FF46600625E43 /* HourlyForecastCell.swift */; };
		791864A0226D62670082D497 /* BARTStation.swift in Sources */ = {isa = PBXBuildFile; fileRef = 7918649F226D62670082D497 /* BARTStation.swift */; };
		791864A222711D930082D497 /* BARTModal.swift in Sources */ = {isa = PBXBuildFile; fileRef = 791864A122711D930082D497 /* BARTModal.swift */; };
		791CE1BF20B2364E00299F76 /* HourlyDetailViewController.swift in Sources */ = {isa = PBXBuildFile; fileRef = 791CE1BE20B2364E00299F76 /* HourlyDetailViewController.swift */; };
		791CE1C120B252F100299F76 /* Utils.swift in Sources */ = {isa = PBXBuildFile; fileRef = 791CE1C020B252F100299F76 /* Utils.swift */; };
		793614D1220E884E006671C4 /* BARTViewController.swift in Sources */ = {isa = PBXBuildFile; fileRef = 793614D0220E884E006671C4 /* BARTViewController.swift */; };
		793614D3220FEDF3006671C4 /* BARTStore.swift in Sources */ = {isa = PBXBuildFile; fileRef = 793614D2220FEDF3006671C4 /* BARTStore.swift */; };
		793614D5221116D9006671C4 /* BARTAPI.swift in Sources */ = {isa = PBXBuildFile; fileRef = 793614D4221116D9006671C4 /* BARTAPI.swift */; };
		793614D722113F3C006671C4 /* BARTReading.swift in Sources */ = {isa = PBXBuildFile; fileRef = 793614D622113F3C006671C4 /* BARTReading.swift */; };
		794E5242220D3C5F00C99092 /* BARTCell.swift in Sources */ = {isa = PBXBuildFile; fileRef = 794E5241220D3C5F00C99092 /* BARTCell.swift */; };
		79718BA820E5E02B0072DC22 /* LastLocation+CoreDataClass.swift in Sources */ = {isa = PBXBuildFile; fileRef = 79718BA620E5E02B0072DC22 /* LastLocation+CoreDataClass.swift */; };
		79718BA920E5E02B0072DC22 /* LastLocation+CoreDataProperties.swift in Sources */ = {isa = PBXBuildFile; fileRef = 79718BA720E5E02B0072DC22 /* LastLocation+CoreDataProperties.swift */; };
		7971A1C920A29B7F009438F7 /* HourlyViewController.swift in Sources */ = {isa = PBXBuildFile; fileRef = 7971A1C820A29B7F009438F7 /* HourlyViewController.swift */; };
		7972654620E3368E00578419 /* Weather.xcdatamodeld in Sources */ = {isa = PBXBuildFile; fileRef = 7972654420E3368E00578419 /* Weather.xcdatamodeld */; };
		799C3C902345582F00D9341E /* HealthKit.framework in Frameworks */ = {isa = PBXBuildFile; fileRef = 799C3C8F2345582F00D9341E /* HealthKit.framework */; };
		79F8DC592363E3E400E5A1AA /* OpenWeatherAPI.swift in Sources */ = {isa = PBXBuildFile; fileRef = 79F8DC582363E3E400E5A1AA /* OpenWeatherAPI.swift */; };
		79F8DC5B2364DBDA00E5A1AA /* WeatherModel.swift in Sources */ = {isa = PBXBuildFile; fileRef = 79F8DC5A2364DBDA00E5A1AA /* WeatherModel.swift */; };
		C1A86AE7CB901E9AE4559733 /* Pods_BreazeTests.framework in Frameworks */ = {isa = PBXBuildFile; fileRef = BC1F0E4AA282D7B36ED40FA4 /* Pods_BreazeTests.framework */; };
		CBC5228E1B6761BEF185B8AD /* Pods_Breaze.framework in Frameworks */ = {isa = PBXBuildFile; fileRef = 4A700AD3051D76CBB67400BC /* Pods_Breaze.framework */; };
		D51C53AE71B1FA9965B4E724 /* Pods_BreazeUITests.framework in Frameworks */ = {isa = PBXBuildFile; fileRef = 6A926AF80C0D08EF375C20D5 /* Pods_BreazeUITests.framework */; };
		D8357A9720240BAD005657DF /* WundergroundAPI.swift in Sources */ = {isa = PBXBuildFile; fileRef = D8357A9620240BAD005657DF /* WundergroundAPI.swift */; };
		D84F92CA2033F1A100DD3855 /* AirNowAPI.swift in Sources */ = {isa = PBXBuildFile; fileRef = D84F92C92033F1A100DD3855 /* AirNowAPI.swift */; };
		D84F92CC2037E08C00DD3855 /* SmogReading.swift in Sources */ = {isa = PBXBuildFile; fileRef = D84F92CB2037E08C00DD3855 /* SmogReading.swift */; };
		D84F92CE203A7E7800DD3855 /* SmogCell.swift in Sources */ = {isa = PBXBuildFile; fileRef = D84F92CD203A7E7800DD3855 /* SmogCell.swift */; };
		D84F92D2203A872200DD3855 /* WeatherCell.swift in Sources */ = {isa = PBXBuildFile; fileRef = D84F92D1203A872200DD3855 /* WeatherCell.swift */; };
		D85A4EEF2022D0B600E480FB /* AppDelegate.swift in Sources */ = {isa = PBXBuildFile; fileRef = D85A4EEE2022D0B600E480FB /* AppDelegate.swift */; };
		D85A4EF12022D0B600E480FB /* WeatherViewController.swift in Sources */ = {isa = PBXBuildFile; fileRef = D85A4EF02022D0B600E480FB /* WeatherViewController.swift */; };
		D85A4EF32022D0B600E480FB /* SmogViewController.swift in Sources */ = {isa = PBXBuildFile; fileRef = D85A4EF22022D0B600E480FB /* SmogViewController.swift */; };
		D85A4EF62022D0B600E480FB /* Main.storyboard in Resources */ = {isa = PBXBuildFile; fileRef = D85A4EF42022D0B600E480FB /* Main.storyboard */; };
		D85A4EF82022D0B600E480FB /* Assets.xcassets in Resources */ = {isa = PBXBuildFile; fileRef = D85A4EF72022D0B600E480FB /* Assets.xcassets */; };
		D85A4EFB2022D0B600E480FB /* LaunchScreen.storyboard in Resources */ = {isa = PBXBuildFile; fileRef = D85A4EF92022D0B600E480FB /* LaunchScreen.storyboard */; };
		D85A4F062022D0B600E480FB /* BreazeTests.swift in Sources */ = {isa = PBXBuildFile; fileRef = D85A4F052022D0B600E480FB /* BreazeTests.swift */; };
		D85A4F112022D0B600E480FB /* BreazeUITests.swift in Sources */ = {isa = PBXBuildFile; fileRef = D85A4F102022D0B600E480FB /* BreazeUITests.swift */; };
		D8715B9B2029216800BC13AA /* HourlyForecastHour.swift in Sources */ = {isa = PBXBuildFile; fileRef = D8715B9A2029216800BC13AA /* HourlyForecastHour.swift */; };
		D8715B9D202FB70300BC13AA /* SmogStore.swift in Sources */ = {isa = PBXBuildFile; fileRef = D8715B9C202FB70300BC13AA /* SmogStore.swift */; };
		D8721E65202919140025348F /* SimpleForecastDay.swift in Sources */ = {isa = PBXBuildFile; fileRef = D8721E64202919140025348F /* SimpleForecastDay.swift */; };
		D884508E2026B18500C5379C /* WeatherStore.swift in Sources */ = {isa = PBXBuildFile; fileRef = D884508D2026B18500C5379C /* WeatherStore.swift */; };
		D8E1BCD22055E74E00DB12E9 /* SmogDay.swift in Sources */ = {isa = PBXBuildFile; fileRef = D8E1BCD12055E74E00DB12E9 /* SmogDay.swift */; };
/* End PBXBuildFile section */

/* Begin PBXContainerItemProxy section */
		D85A4F022022D0B600E480FB /* PBXContainerItemProxy */ = {
			isa = PBXContainerItemProxy;
			containerPortal = D85A4EE32022D0B500E480FB /* Project object */;
			proxyType = 1;
			remoteGlobalIDString = D85A4EEA2022D0B500E480FB;
			remoteInfo = Breaze;
		};
		D85A4F0D2022D0B600E480FB /* PBXContainerItemProxy */ = {
			isa = PBXContainerItemProxy;
			containerPortal = D85A4EE32022D0B500E480FB /* Project object */;
			proxyType = 1;
			remoteGlobalIDString = D85A4EEA2022D0B500E480FB;
			remoteInfo = Breaze;
		};
/* End PBXContainerItemProxy section */

/* Begin PBXFileReference section */
		0E3F589E9924B154B7249143 /* Pods-BreazeTests.release.xcconfig */ = {isa = PBXFileReference; includeInIndex = 1; lastKnownFileType = text.xcconfig; name = "Pods-BreazeTests.release.xcconfig"; path = "Target Support Files/Pods-BreazeTests/Pods-BreazeTests.release.xcconfig"; sourceTree = "<group>"; };
		1315CB8B613D6B0310848396 /* Pods-BreazeUITests.release.xcconfig */ = {isa = PBXFileReference; includeInIndex = 1; lastKnownFileType = text.xcconfig; name = "Pods-BreazeUITests.release.xcconfig"; path = "Target Support Files/Pods-BreazeUITests/Pods-BreazeUITests.release.xcconfig"; sourceTree = "<group>"; };
		3354391D1DF6754426481759 /* Pods-Breaze.debug.xcconfig */ = {isa = PBXFileReference; includeInIndex = 1; lastKnownFileType = text.xcconfig; name = "Pods-Breaze.debug.xcconfig"; path = "Target Support Files/Pods-Breaze/Pods-Breaze.debug.xcconfig"; sourceTree = "<group>"; };
		4A700AD3051D76CBB67400BC /* Pods_Breaze.framework */ = {isa = PBXFileReference; explicitFileType = wrapper.framework; includeInIndex = 0; path = Pods_Breaze.framework; sourceTree = BUILT_PRODUCTS_DIR; };
		4D96B2C7509FC4CCF930BABF /* Pods-Breaze.release.xcconfig */ = {isa = PBXFileReference; includeInIndex = 1; lastKnownFileType = text.xcconfig; name = "Pods-Breaze.release.xcconfig"; path = "Target Support Files/Pods-Breaze/Pods-Breaze.release.xcconfig"; sourceTree = "<group>"; };
		6A926AF80C0D08EF375C20D5 /* Pods_BreazeUITests.framework */ = {isa = PBXFileReference; explicitFileType = wrapper.framework; includeInIndex = 0; path = Pods_BreazeUITests.framework; sourceTree = BUILT_PRODUCTS_DIR; };
		7915AFD0209FF46600625E43 /* HourlyForecastCell.swift */ = {isa = PBXFileReference; lastKnownFileType = sourcecode.swift; path = HourlyForecastCell.swift; sourceTree = "<group>"; };
		7918649F226D62670082D497 /* BARTStation.swift */ = {isa = PBXFileReference; lastKnownFileType = sourcecode.swift; path = BARTStation.swift; sourceTree = "<group>"; };
		791864A122711D930082D497 /* BARTModal.swift */ = {isa = PBXFileReference; lastKnownFileType = sourcecode.swift; path = BARTModal.swift; sourceTree = "<group>"; };
		791CE1BE20B2364E00299F76 /* HourlyDetailViewController.swift */ = {isa = PBXFileReference; lastKnownFileType = sourcecode.swift; path = HourlyDetailViewController.swift; sourceTree = "<group>"; };
		791CE1C020B252F100299F76 /* Utils.swift */ = {isa = PBXFileReference; lastKnownFileType = sourcecode.swift; path = Utils.swift; sourceTree = "<group>"; };
		793614D0220E884E006671C4 /* BARTViewController.swift */ = {isa = PBXFileReference; lastKnownFileType = sourcecode.swift; name = BARTViewController.swift; path = Breaze/BART/BARTViewController.swift; sourceTree = SOURCE_ROOT; };
		793614D2220FEDF3006671C4 /* BARTStore.swift */ = {isa = PBXFileReference; lastKnownFileType = sourcecode.swift; path = BARTStore.swift; sourceTree = "<group>"; };
		793614D4221116D9006671C4 /* BARTAPI.swift */ = {isa = PBXFileReference; lastKnownFileType = sourcecode.swift; path = BARTAPI.swift; sourceTree = "<group>"; };
		793614D622113F3C006671C4 /* BARTReading.swift */ = {isa = PBXFileReference; lastKnownFileType = sourcecode.swift; path = BARTReading.swift; sourceTree = "<group>"; };
		794E5241220D3C5F00C99092 /* BARTCell.swift */ = {isa = PBXFileReference; lastKnownFileType = sourcecode.swift; path = BARTCell.swift; sourceTree = "<group>"; };
		79718BA620E5E02B0072DC22 /* LastLocation+CoreDataClass.swift */ = {isa = PBXFileReference; lastKnownFileType = sourcecode.swift; path = "LastLocation+CoreDataClass.swift"; sourceTree = "<group>"; };
		79718BA720E5E02B0072DC22 /* LastLocation+CoreDataProperties.swift */ = {isa = PBXFileReference; lastKnownFileType = sourcecode.swift; path = "LastLocation+CoreDataProperties.swift"; sourceTree = "<group>"; };
		7971A1C820A29B7F009438F7 /* HourlyViewController.swift */ = {isa = PBXFileReference; lastKnownFileType = sourcecode.swift; path = HourlyViewController.swift; sourceTree = "<group>"; };
		7972654520E3368E00578419 /* Weather.xcdatamodel */ = {isa = PBXFileReference; lastKnownFileType = wrapper.xcdatamodel; path = Weather.xcdatamodel; sourceTree = "<group>"; };
		799C3C8E2345582E00D9341E /* Breaze.entitlements */ = {isa = PBXFileReference; lastKnownFileType = text.plist.entitlements; path = Breaze.entitlements; sourceTree = "<group>"; };
		799C3C8F2345582F00D9341E /* HealthKit.framework */ = {isa = PBXFileReference; lastKnownFileType = wrapper.framework; name = HealthKit.framework; path = System/Library/Frameworks/HealthKit.framework; sourceTree = SDKROOT; };
		79F8DC582363E3E400E5A1AA /* OpenWeatherAPI.swift */ = {isa = PBXFileReference; lastKnownFileType = sourcecode.swift; path = OpenWeatherAPI.swift; sourceTree = "<group>"; };
		79F8DC5A2364DBDA00E5A1AA /* WeatherModel.swift */ = {isa = PBXFileReference; lastKnownFileType = sourcecode.swift; path = WeatherModel.swift; sourceTree = "<group>"; };
		9C04CF7422E0CBAEE4822157 /* Pods-BreazeTests.debug.xcconfig */ = {isa = PBXFileReference; includeInIndex = 1; lastKnownFileType = text.xcconfig; name = "Pods-BreazeTests.debug.xcconfig"; path = "Target Support Files/Pods-BreazeTests/Pods-BreazeTests.debug.xcconfig"; sourceTree = "<group>"; };
		BC1F0E4AA282D7B36ED40FA4 /* Pods_BreazeTests.framework */ = {isa = PBXFileReference; explicitFileType = wrapper.framework; includeInIndex = 0; path = Pods_BreazeTests.framework; sourceTree = BUILT_PRODUCTS_DIR; };
		CCE8FC1545CF717B71C529A8 /* Pods-BreazeUITests.debug.xcconfig */ = {isa = PBXFileReference; includeInIndex = 1; lastKnownFileType = text.xcconfig; name = "Pods-BreazeUITests.debug.xcconfig"; path = "Target Support Files/Pods-BreazeUITests/Pods-BreazeUITests.debug.xcconfig"; sourceTree = "<group>"; };
		D8357A9620240BAD005657DF /* WundergroundAPI.swift */ = {isa = PBXFileReference; lastKnownFileType = sourcecode.swift; path = WundergroundAPI.swift; sourceTree = "<group>"; };
		D84F92C92033F1A100DD3855 /* AirNowAPI.swift */ = {isa = PBXFileReference; lastKnownFileType = sourcecode.swift; path = AirNowAPI.swift; sourceTree = "<group>"; };
		D84F92CB2037E08C00DD3855 /* SmogReading.swift */ = {isa = PBXFileReference; lastKnownFileType = sourcecode.swift; path = SmogReading.swift; sourceTree = "<group>"; };
		D84F92CD203A7E7800DD3855 /* SmogCell.swift */ = {isa = PBXFileReference; lastKnownFileType = sourcecode.swift; path = SmogCell.swift; sourceTree = "<group>"; };
		D84F92D1203A872200DD3855 /* WeatherCell.swift */ = {isa = PBXFileReference; lastKnownFileType = sourcecode.swift; path = WeatherCell.swift; sourceTree = "<group>"; };
		D85A4EEB2022D0B500E480FB /* Breaze.app */ = {isa = PBXFileReference; explicitFileType = wrapper.application; includeInIndex = 0; path = Breaze.app; sourceTree = BUILT_PRODUCTS_DIR; };
		D85A4EEE2022D0B600E480FB /* AppDelegate.swift */ = {isa = PBXFileReference; lastKnownFileType = sourcecode.swift; path = AppDelegate.swift; sourceTree = "<group>"; };
		D85A4EF02022D0B600E480FB /* WeatherViewController.swift */ = {isa = PBXFileReference; lastKnownFileType = sourcecode.swift; path = WeatherViewController.swift; sourceTree = "<group>"; };
		D85A4EF22022D0B600E480FB /* SmogViewController.swift */ = {isa = PBXFileReference; lastKnownFileType = sourcecode.swift; path = SmogViewController.swift; sourceTree = "<group>"; };
		D85A4EF52022D0B600E480FB /* Base */ = {isa = PBXFileReference; lastKnownFileType = file.storyboard; name = Base; path = Base.lproj/Main.storyboard; sourceTree = "<group>"; };
		D85A4EF72022D0B600E480FB /* Assets.xcassets */ = {isa = PBXFileReference; lastKnownFileType = folder.assetcatalog; path = Assets.xcassets; sourceTree = "<group>"; };
		D85A4EFA2022D0B600E480FB /* Base */ = {isa = PBXFileReference; lastKnownFileType = file.storyboard; name = Base; path = Base.lproj/LaunchScreen.storyboard; sourceTree = "<group>"; };
		D85A4EFC2022D0B600E480FB /* Info.plist */ = {isa = PBXFileReference; lastKnownFileType = text.plist.xml; path = Info.plist; sourceTree = "<group>"; };
		D85A4F012022D0B600E480FB /* BreazeTests.xctest */ = {isa = PBXFileReference; explicitFileType = wrapper.cfbundle; includeInIndex = 0; path = BreazeTests.xctest; sourceTree = BUILT_PRODUCTS_DIR; };
		D85A4F052022D0B600E480FB /* BreazeTests.swift */ = {isa = PBXFileReference; lastKnownFileType = sourcecode.swift; path = BreazeTests.swift; sourceTree = "<group>"; };
		D85A4F072022D0B600E480FB /* Info.plist */ = {isa = PBXFileReference; lastKnownFileType = text.plist.xml; path = Info.plist; sourceTree = "<group>"; };
		D85A4F0C2022D0B600E480FB /* BreazeUITests.xctest */ = {isa = PBXFileReference; explicitFileType = wrapper.cfbundle; includeInIndex = 0; path = BreazeUITests.xctest; sourceTree = BUILT_PRODUCTS_DIR; };
		D85A4F102022D0B600E480FB /* BreazeUITests.swift */ = {isa = PBXFileReference; lastKnownFileType = sourcecode.swift; path = BreazeUITests.swift; sourceTree = "<group>"; };
		D85A4F122022D0B600E480FB /* Info.plist */ = {isa = PBXFileReference; lastKnownFileType = text.plist.xml; path = Info.plist; sourceTree = "<group>"; };
		D8715B9A2029216800BC13AA /* HourlyForecastHour.swift */ = {isa = PBXFileReference; lastKnownFileType = sourcecode.swift; path = HourlyForecastHour.swift; sourceTree = "<group>"; };
		D8715B9C202FB70300BC13AA /* SmogStore.swift */ = {isa = PBXFileReference; lastKnownFileType = sourcecode.swift; path = SmogStore.swift; sourceTree = "<group>"; };
		D8721E64202919140025348F /* SimpleForecastDay.swift */ = {isa = PBXFileReference; lastKnownFileType = sourcecode.swift; path = SimpleForecastDay.swift; sourceTree = "<group>"; };
		D884508D2026B18500C5379C /* WeatherStore.swift */ = {isa = PBXFileReference; lastKnownFileType = sourcecode.swift; path = WeatherStore.swift; sourceTree = "<group>"; };
		D8E1BCD12055E74E00DB12E9 /* SmogDay.swift */ = {isa = PBXFileReference; lastKnownFileType = sourcecode.swift; path = SmogDay.swift; sourceTree = "<group>"; };
/* End PBXFileReference section */

/* Begin PBXFrameworksBuildPhase section */
		D85A4EE82022D0B500E480FB /* Frameworks */ = {
			isa = PBXFrameworksBuildPhase;
			buildActionMask = 2147483647;
			files = (
				CBC5228E1B6761BEF185B8AD /* Pods_Breaze.framework in Frameworks */,
				799C3C902345582F00D9341E /* HealthKit.framework in Frameworks */,
			);
			runOnlyForDeploymentPostprocessing = 0;
		};
		D85A4EFE2022D0B600E480FB /* Frameworks */ = {
			isa = PBXFrameworksBuildPhase;
			buildActionMask = 2147483647;
			files = (
				C1A86AE7CB901E9AE4559733 /* Pods_BreazeTests.framework in Frameworks */,
			);
			runOnlyForDeploymentPostprocessing = 0;
		};
		D85A4F092022D0B600E480FB /* Frameworks */ = {
			isa = PBXFrameworksBuildPhase;
			buildActionMask = 2147483647;
			files = (
				D51C53AE71B1FA9965B4E724 /* Pods_BreazeUITests.framework in Frameworks */,
			);
			runOnlyForDeploymentPostprocessing = 0;
		};
/* End PBXFrameworksBuildPhase section */

/* Begin PBXGroup section */
		794E5240220D3C3000C99092 /* BART */ = {
			isa = PBXGroup;
			children = (
				793614D622113F3C006671C4 /* BARTReading.swift */,
				7918649F226D62670082D497 /* BARTStation.swift */,
				793614D4221116D9006671C4 /* BARTAPI.swift */,
				793614D2220FEDF3006671C4 /* BARTStore.swift */,
				791864A122711D930082D497 /* BARTModal.swift */,
				794E5241220D3C5F00C99092 /* BARTCell.swift */,
				793614D0220E884E006671C4 /* BARTViewController.swift */,
			);
			path = BART;
			sourceTree = "<group>";
		};
		8C539CAA670F9CFD521CA7FB /* Pods */ = {
			isa = PBXGroup;
			children = (
				3354391D1DF6754426481759 /* Pods-Breaze.debug.xcconfig */,
				4D96B2C7509FC4CCF930BABF /* Pods-Breaze.release.xcconfig */,
				9C04CF7422E0CBAEE4822157 /* Pods-BreazeTests.debug.xcconfig */,
				0E3F589E9924B154B7249143 /* Pods-BreazeTests.release.xcconfig */,
				CCE8FC1545CF717B71C529A8 /* Pods-BreazeUITests.debug.xcconfig */,
				1315CB8B613D6B0310848396 /* Pods-BreazeUITests.release.xcconfig */,
			);
			path = Pods;
			sourceTree = "<group>";
		};
		D84F92CF203A856C00DD3855 /* Weather */ = {
			isa = PBXGroup;
			children = (
				D8357A9620240BAD005657DF /* WundergroundAPI.swift */,
				79F8DC582363E3E400E5A1AA /* OpenWeatherAPI.swift */,
				79F8DC5A2364DBDA00E5A1AA /* WeatherModel.swift */,
				D884508D2026B18500C5379C /* WeatherStore.swift */,
				D8721E64202919140025348F /* SimpleForecastDay.swift */,
				D8715B9A2029216800BC13AA /* HourlyForecastHour.swift */,
				D84F92D1203A872200DD3855 /* WeatherCell.swift */,
				7915AFD0209FF46600625E43 /* HourlyForecastCell.swift */,
				D85A4EF02022D0B600E480FB /* WeatherViewController.swift */,
				7971A1C820A29B7F009438F7 /* HourlyViewController.swift */,
				791CE1BE20B2364E00299F76 /* HourlyDetailViewController.swift */,
			);
			path = Weather;
			sourceTree = "<group>";
		};
		D84F92D0203A85C600DD3855 /* Smog */ = {
			isa = PBXGroup;
			children = (
				D84F92C92033F1A100DD3855 /* AirNowAPI.swift */,
				D8715B9C202FB70300BC13AA /* SmogStore.swift */,
				D84F92CB2037E08C00DD3855 /* SmogReading.swift */,
				D8E1BCD12055E74E00DB12E9 /* SmogDay.swift */,
				D84F92CD203A7E7800DD3855 /* SmogCell.swift */,
				D85A4EF22022D0B600E480FB /* SmogViewController.swift */,
			);
			path = Smog;
			sourceTree = "<group>";
		};
		D85A4EE22022D0B500E480FB = {
			isa = PBXGroup;
			children = (
				D85A4EED2022D0B500E480FB /* Breaze */,
				D85A4F0F2022D0B600E480FB /* BreazeUITests */,
				D85A4F042022D0B600E480FB /* BreazeTests */,
				D85A4EEC2022D0B500E480FB /* Products */,
				8C539CAA670F9CFD521CA7FB /* Pods */,
				F750615CF5BAF14CDA3C127E /* Frameworks */,
			);
			sourceTree = "<group>";
		};
		D85A4EEC2022D0B500E480FB /* Products */ = {
			isa = PBXGroup;
			children = (
				D85A4EEB2022D0B500E480FB /* Breaze.app */,
				D85A4F012022D0B600E480FB /* BreazeTests.xctest */,
				D85A4F0C2022D0B600E480FB /* BreazeUITests.xctest */,
			);
			name = Products;
			sourceTree = "<group>";
		};
		D85A4EED2022D0B500E480FB /* Breaze */ = {
			isa = PBXGroup;
			children = (
				799C3C8E2345582E00D9341E /* Breaze.entitlements */,
				D85A4EEE2022D0B600E480FB /* AppDelegate.swift */,
				D85A4EF42022D0B600E480FB /* Main.storyboard */,
				D85A4EF92022D0B600E480FB /* LaunchScreen.storyboard */,
				7972654420E3368E00578419 /* Weather.xcdatamodeld */,
				79718BA720E5E02B0072DC22 /* LastLocation+CoreDataProperties.swift */,
				79718BA620E5E02B0072DC22 /* LastLocation+CoreDataClass.swift */,
				791CE1C020B252F100299F76 /* Utils.swift */,
				D84F92CF203A856C00DD3855 /* Weather */,
				D84F92D0203A85C600DD3855 /* Smog */,
				794E5240220D3C3000C99092 /* BART */,
				D85A4EF72022D0B600E480FB /* Assets.xcassets */,
				D85A4EFC2022D0B600E480FB /* Info.plist */,
			);
			path = Breaze;
			sourceTree = "<group>";
		};
		D85A4F042022D0B600E480FB /* BreazeTests */ = {
			isa = PBXGroup;
			children = (
				D85A4F052022D0B600E480FB /* BreazeTests.swift */,
				D85A4F072022D0B600E480FB /* Info.plist */,
			);
			path = BreazeTests;
			sourceTree = "<group>";
		};
		D85A4F0F2022D0B600E480FB /* BreazeUITests */ = {
			isa = PBXGroup;
			children = (
				D85A4F102022D0B600E480FB /* BreazeUITests.swift */,
				D85A4F122022D0B600E480FB /* Info.plist */,
			);
			path = BreazeUITests;
			sourceTree = "<group>";
		};
		F750615CF5BAF14CDA3C127E /* Frameworks */ = {
			isa = PBXGroup;
			children = (
				799C3C8F2345582F00D9341E /* HealthKit.framework */,
				4A700AD3051D76CBB67400BC /* Pods_Breaze.framework */,
				BC1F0E4AA282D7B36ED40FA4 /* Pods_BreazeTests.framework */,
				6A926AF80C0D08EF375C20D5 /* Pods_BreazeUITests.framework */,
			);
			name = Frameworks;
			sourceTree = "<group>";
		};
/* End PBXGroup section */

/* Begin PBXNativeTarget section */
		D85A4EEA2022D0B500E480FB /* Breaze */ = {
			isa = PBXNativeTarget;
			buildConfigurationList = D85A4F152022D0B600E480FB /* Build configuration list for PBXNativeTarget "Breaze" */;
			buildPhases = (
				A1D9DDD53C0256631E7CD254 /* [CP] Check Pods Manifest.lock */,
				D85A4EE72022D0B500E480FB /* Sources */,
				D85A4EE82022D0B500E480FB /* Frameworks */,
				D85A4EE92022D0B500E480FB /* Resources */,
				562A63D65A9D4A0D8B865977 /* [CP] Embed Pods Frameworks */,
			);
			buildRules = (
			);
			dependencies = (
			);
			name = Breaze;
			productName = Breaze;
			productReference = D85A4EEB2022D0B500E480FB /* Breaze.app */;
			productType = "com.apple.product-type.application";
		};
		D85A4F002022D0B600E480FB /* BreazeTests */ = {
			isa = PBXNativeTarget;
			buildConfigurationList = D85A4F182022D0B600E480FB /* Build configuration list for PBXNativeTarget "BreazeTests" */;
			buildPhases = (
				304ED911621E78B2A582E326 /* [CP] Check Pods Manifest.lock */,
				D85A4EFD2022D0B600E480FB /* Sources */,
				D85A4EFE2022D0B600E480FB /* Frameworks */,
				D85A4EFF2022D0B600E480FB /* Resources */,
			);
			buildRules = (
			);
			dependencies = (
				D85A4F032022D0B600E480FB /* PBXTargetDependency */,
			);
			name = BreazeTests;
			productName = BreazeTests;
			productReference = D85A4F012022D0B600E480FB /* BreazeTests.xctest */;
			productType = "com.apple.product-type.bundle.unit-test";
		};
		D85A4F0B2022D0B600E480FB /* BreazeUITests */ = {
			isa = PBXNativeTarget;
			buildConfigurationList = D85A4F1B2022D0B600E480FB /* Build configuration list for PBXNativeTarget "BreazeUITests" */;
			buildPhases = (
				4F230DEF83CBD8B34FB8F148 /* [CP] Check Pods Manifest.lock */,
				D85A4F082022D0B600E480FB /* Sources */,
				D85A4F092022D0B600E480FB /* Frameworks */,
				D85A4F0A2022D0B600E480FB /* Resources */,
			);
			buildRules = (
			);
			dependencies = (
				D85A4F0E2022D0B600E480FB /* PBXTargetDependency */,
			);
			name = BreazeUITests;
			productName = BreazeUITests;
			productReference = D85A4F0C2022D0B600E480FB /* BreazeUITests.xctest */;
			productType = "com.apple.product-type.bundle.ui-testing";
		};
/* End PBXNativeTarget section */

/* Begin PBXProject section */
		D85A4EE32022D0B500E480FB /* Project object */ = {
			isa = PBXProject;
			attributes = {
				LastSwiftUpdateCheck = 0920;
				LastUpgradeCheck = 0940;
				ORGANIZATIONNAME = Carquinez;
				TargetAttributes = {
					D85A4EEA2022D0B500E480FB = {
						CreatedOnToolsVersion = 9.2;
						LastSwiftMigration = 1010;
						ProvisioningStyle = Automatic;
					};
					D85A4F002022D0B600E480FB = {
						CreatedOnToolsVersion = 9.2;
						LastSwiftMigration = 1010;
						ProvisioningStyle = Automatic;
						TestTargetID = D85A4EEA2022D0B500E480FB;
					};
					D85A4F0B2022D0B600E480FB = {
						CreatedOnToolsVersion = 9.2;
						LastSwiftMigration = 1010;
						ProvisioningStyle = Automatic;
						TestTargetID = D85A4EEA2022D0B500E480FB;
					};
				};
			};
			buildConfigurationList = D85A4EE62022D0B500E480FB /* Build configuration list for PBXProject "Breaze" */;
			compatibilityVersion = "Xcode 8.0";
			developmentRegion = en;
			hasScannedForEncodings = 0;
			knownRegions = (
				en,
				Base,
			);
			mainGroup = D85A4EE22022D0B500E480FB;
			productRefGroup = D85A4EEC2022D0B500E480FB /* Products */;
			projectDirPath = "";
			projectRoot = "";
			targets = (
				D85A4EEA2022D0B500E480FB /* Breaze */,
				D85A4F002022D0B600E480FB /* BreazeTests */,
				D85A4F0B2022D0B600E480FB /* BreazeUITests */,
			);
		};
/* End PBXProject section */

/* Begin PBXResourcesBuildPhase section */
		D85A4EE92022D0B500E480FB /* Resources */ = {
			isa = PBXResourcesBuildPhase;
			buildActionMask = 2147483647;
			files = (
				D85A4EFB2022D0B600E480FB /* LaunchScreen.storyboard in Resources */,
				D85A4EF82022D0B600E480FB /* Assets.xcassets in Resources */,
				D85A4EF62022D0B600E480FB /* Main.storyboard in Resources */,
			);
			runOnlyForDeploymentPostprocessing = 0;
		};
		D85A4EFF2022D0B600E480FB /* Resources */ = {
			isa = PBXResourcesBuildPhase;
			buildActionMask = 2147483647;
			files = (
			);
			runOnlyForDeploymentPostprocessing = 0;
		};
		D85A4F0A2022D0B600E480FB /* Resources */ = {
			isa = PBXResourcesBuildPhase;
			buildActionMask = 2147483647;
			files = (
			);
			runOnlyForDeploymentPostprocessing = 0;
		};
/* End PBXResourcesBuildPhase section */

/* Begin PBXShellScriptBuildPhase section */
		304ED911621E78B2A582E326 /* [CP] Check Pods Manifest.lock */ = {
			isa = PBXShellScriptBuildPhase;
			buildActionMask = 2147483647;
			files = (
			);
			inputFileListPaths = (
			);
			inputPaths = (
				"${PODS_PODFILE_DIR_PATH}/Podfile.lock",
				"${PODS_ROOT}/Manifest.lock",
			);
			name = "[CP] Check Pods Manifest.lock";
			outputFileListPaths = (
			);
			outputPaths = (
				"$(DERIVED_FILE_DIR)/Pods-BreazeTests-checkManifestLockResult.txt",
			);
			runOnlyForDeploymentPostprocessing = 0;
			shellPath = /bin/sh;
			shellScript = "diff \"${PODS_PODFILE_DIR_PATH}/Podfile.lock\" \"${PODS_ROOT}/Manifest.lock\" > /dev/null\nif [ $? != 0 ] ; then\n    # print error to STDERR\n    echo \"error: The sandbox is not in sync with the Podfile.lock. Run 'pod install' or update your CocoaPods installation.\" >&2\n    exit 1\nfi\n# This output is used by Xcode 'outputs' to avoid re-running this script phase.\necho \"SUCCESS\" > \"${SCRIPT_OUTPUT_FILE_0}\"\n";
			showEnvVarsInLog = 0;
		};
		4F230DEF83CBD8B34FB8F148 /* [CP] Check Pods Manifest.lock */ = {
			isa = PBXShellScriptBuildPhase;
			buildActionMask = 2147483647;
			files = (
			);
			inputFileListPaths = (
			);
			inputPaths = (
				"${PODS_PODFILE_DIR_PATH}/Podfile.lock",
				"${PODS_ROOT}/Manifest.lock",
			);
			name = "[CP] Check Pods Manifest.lock";
			outputFileListPaths = (
			);
			outputPaths = (
				"$(DERIVED_FILE_DIR)/Pods-BreazeUITests-checkManifestLockResult.txt",
			);
			runOnlyForDeploymentPostprocessing = 0;
			shellPath = /bin/sh;
			shellScript = "diff \"${PODS_PODFILE_DIR_PATH}/Podfile.lock\" \"${PODS_ROOT}/Manifest.lock\" > /dev/null\nif [ $? != 0 ] ; then\n    # print error to STDERR\n    echo \"error: The sandbox is not in sync with the Podfile.lock. Run 'pod install' or update your CocoaPods installation.\" >&2\n    exit 1\nfi\n# This output is used by Xcode 'outputs' to avoid re-running this script phase.\necho \"SUCCESS\" > \"${SCRIPT_OUTPUT_FILE_0}\"\n";
			showEnvVarsInLog = 0;
		};
		562A63D65A9D4A0D8B865977 /* [CP] Embed Pods Frameworks */ = {
			isa = PBXShellScriptBuildPhase;
			buildActionMask = 2147483647;
			files = (
			);
			inputPaths = (
				"${PODS_ROOT}/Target Support Files/Pods-Breaze/Pods-Breaze-frameworks.sh",
				"${BUILT_PRODUCTS_DIR}/Alamofire/Alamofire.framework",
				"${BUILT_PRODUCTS_DIR}/SwiftyJSON/SwiftyJSON.framework",
			);
			name = "[CP] Embed Pods Frameworks";
			outputPaths = (
				"${TARGET_BUILD_DIR}/${FRAMEWORKS_FOLDER_PATH}/Alamofire.framework",
				"${TARGET_BUILD_DIR}/${FRAMEWORKS_FOLDER_PATH}/SwiftyJSON.framework",
			);
			runOnlyForDeploymentPostprocessing = 0;
			shellPath = /bin/sh;
			shellScript = "\"${PODS_ROOT}/Target Support Files/Pods-Breaze/Pods-Breaze-frameworks.sh\"\n";
			showEnvVarsInLog = 0;
		};
		A1D9DDD53C0256631E7CD254 /* [CP] Check Pods Manifest.lock */ = {
			isa = PBXShellScriptBuildPhase;
			buildActionMask = 2147483647;
			files = (
			);
			inputFileListPaths = (
			);
			inputPaths = (
				"${PODS_PODFILE_DIR_PATH}/Podfile.lock",
				"${PODS_ROOT}/Manifest.lock",
			);
			name = "[CP] Check Pods Manifest.lock";
			outputFileListPaths = (
			);
			outputPaths = (
				"$(DERIVED_FILE_DIR)/Pods-Breaze-checkManifestLockResult.txt",
			);
			runOnlyForDeploymentPostprocessing = 0;
			shellPath = /bin/sh;
			shellScript = "diff \"${PODS_PODFILE_DIR_PATH}/Podfile.lock\" \"${PODS_ROOT}/Manifest.lock\" > /dev/null\nif [ $? != 0 ] ; then\n    # print error to STDERR\n    echo \"error: The sandbox is not in sync with the Podfile.lock. Run 'pod install' or update your CocoaPods installation.\" >&2\n    exit 1\nfi\n# This output is used by Xcode 'outputs' to avoid re-running this script phase.\necho \"SUCCESS\" > \"${SCRIPT_OUTPUT_FILE_0}\"\n";
			showEnvVarsInLog = 0;
		};
/* End PBXShellScriptBuildPhase section */

/* Begin PBXSourcesBuildPhase section */
		D85A4EE72022D0B500E480FB /* Sources */ = {
			isa = PBXSourcesBuildPhase;
			buildActionMask = 2147483647;
			files = (
				D884508E2026B18500C5379C /* WeatherStore.swift in Sources */,
				79F8DC5B2364DBDA00E5A1AA /* WeatherModel.swift in Sources */,
				D8715B9D202FB70300BC13AA /* SmogStore.swift in Sources */,
				791CE1BF20B2364E00299F76 /* HourlyDetailViewController.swift in Sources */,
				D85A4EF32022D0B600E480FB /* SmogViewController.swift in Sources */,
				7915AFD1209FF46600625E43 /* HourlyForecastCell.swift in Sources */,
				791864A0226D62670082D497 /* BARTStation.swift in Sources */,
				D8E1BCD22055E74E00DB12E9 /* SmogDay.swift in Sources */,
				7972654620E3368E00578419 /* Weather.xcdatamodeld in Sources */,
				D84F92CE203A7E7800DD3855 /* SmogCell.swift in Sources */,
				D84F92D2203A872200DD3855 /* WeatherCell.swift in Sources */,
				793614D722113F3C006671C4 /* BARTReading.swift in Sources */,
				D8715B9B2029216800BC13AA /* HourlyForecastHour.swift in Sources */,
				791CE1C120B252F100299F76 /* Utils.swift in Sources */,
				D85A4EEF2022D0B600E480FB /* AppDelegate.swift in Sources */,
				793614D3220FEDF3006671C4 /* BARTStore.swift in Sources */,
				794E5242220D3C5F00C99092 /* BARTCell.swift in Sources */,
				7971A1C920A29B7F009438F7 /* HourlyViewController.swift in Sources */,
				D84F92CA2033F1A100DD3855 /* AirNowAPI.swift in Sources */,
				D84F92CC2037E08C00DD3855 /* SmogReading.swift in Sources */,
				D8357A9720240BAD005657DF /* WundergroundAPI.swift in Sources */,
				791864A222711D930082D497 /* BARTModal.swift in Sources */,
				79718BA920E5E02B0072DC22 /* LastLocation+CoreDataProperties.swift in Sources */,
				793614D5221116D9006671C4 /* BARTAPI.swift in Sources */,
				79F8DC592363E3E400E5A1AA /* OpenWeatherAPI.swift in Sources */,
				D85A4EF12022D0B600E480FB /* WeatherViewController.swift in Sources */,
				79718BA820E5E02B0072DC22 /* LastLocation+CoreDataClass.swift in Sources */,
				D8721E65202919140025348F /* SimpleForecastDay.swift in Sources */,
				793614D1220E884E006671C4 /* BARTViewController.swift in Sources */,
			);
			runOnlyForDeploymentPostprocessing = 0;
		};
		D85A4EFD2022D0B600E480FB /* Sources */ = {
			isa = PBXSourcesBuildPhase;
			buildActionMask = 2147483647;
			files = (
				D85A4F062022D0B600E480FB /* BreazeTests.swift in Sources */,
			);
			runOnlyForDeploymentPostprocessing = 0;
		};
		D85A4F082022D0B600E480FB /* Sources */ = {
			isa = PBXSourcesBuildPhase;
			buildActionMask = 2147483647;
			files = (
				D85A4F112022D0B600E480FB /* BreazeUITests.swift in Sources */,
			);
			runOnlyForDeploymentPostprocessing = 0;
		};
/* End PBXSourcesBuildPhase section */

/* Begin PBXTargetDependency section */
		D85A4F032022D0B600E480FB /* PBXTargetDependency */ = {
			isa = PBXTargetDependency;
			target = D85A4EEA2022D0B500E480FB /* Breaze */;
			targetProxy = D85A4F022022D0B600E480FB /* PBXContainerItemProxy */;
		};
		D85A4F0E2022D0B600E480FB /* PBXTargetDependency */ = {
			isa = PBXTargetDependency;
			target = D85A4EEA2022D0B500E480FB /* Breaze */;
			targetProxy = D85A4F0D2022D0B600E480FB /* PBXContainerItemProxy */;
		};
/* End PBXTargetDependency section */

/* Begin PBXVariantGroup section */
		D85A4EF42022D0B600E480FB /* Main.storyboard */ = {
			isa = PBXVariantGroup;
			children = (
				D85A4EF52022D0B600E480FB /* Base */,
			);
			name = Main.storyboard;
			sourceTree = "<group>";
		};
		D85A4EF92022D0B600E480FB /* LaunchScreen.storyboard */ = {
			isa = PBXVariantGroup;
			children = (
				D85A4EFA2022D0B600E480FB /* Base */,
			);
			name = LaunchScreen.storyboard;
			sourceTree = "<group>";
		};
/* End PBXVariantGroup section */

/* Begin XCBuildConfiguration section */
		D85A4F132022D0B600E480FB /* Debug */ = {
			isa = XCBuildConfiguration;
			buildSettings = {
				ALWAYS_SEARCH_USER_PATHS = NO;
				CLANG_ANALYZER_NONNULL = YES;
				CLANG_ANALYZER_NUMBER_OBJECT_CONVERSION = YES_AGGRESSIVE;
				CLANG_CXX_LANGUAGE_STANDARD = "gnu++14";
				CLANG_CXX_LIBRARY = "libc++";
				CLANG_ENABLE_MODULES = YES;
				CLANG_ENABLE_OBJC_ARC = YES;
				CLANG_WARN_BLOCK_CAPTURE_AUTORELEASING = YES;
				CLANG_WARN_BOOL_CONVERSION = YES;
				CLANG_WARN_COMMA = YES;
				CLANG_WARN_CONSTANT_CONVERSION = YES;
				CLANG_WARN_DEPRECATED_OBJC_IMPLEMENTATIONS = YES;
				CLANG_WARN_DIRECT_OBJC_ISA_USAGE = YES_ERROR;
				CLANG_WARN_DOCUMENTATION_COMMENTS = YES;
				CLANG_WARN_EMPTY_BODY = YES;
				CLANG_WARN_ENUM_CONVERSION = YES;
				CLANG_WARN_INFINITE_RECURSION = YES;
				CLANG_WARN_INT_CONVERSION = YES;
				CLANG_WARN_NON_LITERAL_NULL_CONVERSION = YES;
				CLANG_WARN_OBJC_IMPLICIT_RETAIN_SELF = YES;
				CLANG_WARN_OBJC_LITERAL_CONVERSION = YES;
				CLANG_WARN_OBJC_ROOT_CLASS = YES_ERROR;
				CLANG_WARN_RANGE_LOOP_ANALYSIS = YES;
				CLANG_WARN_STRICT_PROTOTYPES = YES;
				CLANG_WARN_SUSPICIOUS_MOVE = YES;
				CLANG_WARN_UNGUARDED_AVAILABILITY = YES_AGGRESSIVE;
				CLANG_WARN_UNREACHABLE_CODE = YES;
				CLANG_WARN__DUPLICATE_METHOD_MATCH = YES;
				CODE_SIGN_IDENTITY = "iPhone Developer";
				COPY_PHASE_STRIP = NO;
				DEBUG_INFORMATION_FORMAT = dwarf;
				ENABLE_STRICT_OBJC_MSGSEND = YES;
				ENABLE_TESTABILITY = YES;
				GCC_C_LANGUAGE_STANDARD = gnu11;
				GCC_DYNAMIC_NO_PIC = NO;
				GCC_NO_COMMON_BLOCKS = YES;
				GCC_OPTIMIZATION_LEVEL = 0;
				GCC_PREPROCESSOR_DEFINITIONS = (
					"DEBUG=1",
					"$(inherited)",
				);
				GCC_WARN_64_TO_32_BIT_CONVERSION = YES;
				GCC_WARN_ABOUT_RETURN_TYPE = YES_ERROR;
				GCC_WARN_UNDECLARED_SELECTOR = YES;
				GCC_WARN_UNINITIALIZED_AUTOS = YES_AGGRESSIVE;
				GCC_WARN_UNUSED_FUNCTION = YES;
				GCC_WARN_UNUSED_VARIABLE = YES;
				IPHONEOS_DEPLOYMENT_TARGET = 11.2;
				MTL_ENABLE_DEBUG_INFO = YES;
				ONLY_ACTIVE_ARCH = YES;
				SDKROOT = iphoneos;
				SWIFT_ACTIVE_COMPILATION_CONDITIONS = DEBUG;
				SWIFT_OPTIMIZATION_LEVEL = "-Onone";
			};
			name = Debug;
		};
		D85A4F142022D0B600E480FB /* Release */ = {
			isa = XCBuildConfiguration;
			buildSettings = {
				ALWAYS_SEARCH_USER_PATHS = NO;
				CLANG_ANALYZER_NONNULL = YES;
				CLANG_ANALYZER_NUMBER_OBJECT_CONVERSION = YES_AGGRESSIVE;
				CLANG_CXX_LANGUAGE_STANDARD = "gnu++14";
				CLANG_CXX_LIBRARY = "libc++";
				CLANG_ENABLE_MODULES = YES;
				CLANG_ENABLE_OBJC_ARC = YES;
				CLANG_WARN_BLOCK_CAPTURE_AUTORELEASING = YES;
				CLANG_WARN_BOOL_CONVERSION = YES;
				CLANG_WARN_COMMA = YES;
				CLANG_WARN_CONSTANT_CONVERSION = YES;
				CLANG_WARN_DEPRECATED_OBJC_IMPLEMENTATIONS = YES;
				CLANG_WARN_DIRECT_OBJC_ISA_USAGE = YES_ERROR;
				CLANG_WARN_DOCUMENTATION_COMMENTS = YES;
				CLANG_WARN_EMPTY_BODY = YES;
				CLANG_WARN_ENUM_CONVERSION = YES;
				CLANG_WARN_INFINITE_RECURSION = YES;
				CLANG_WARN_INT_CONVERSION = YES;
				CLANG_WARN_NON_LITERAL_NULL_CONVERSION = YES;
				CLANG_WARN_OBJC_IMPLICIT_RETAIN_SELF = YES;
				CLANG_WARN_OBJC_LITERAL_CONVERSION = YES;
				CLANG_WARN_OBJC_ROOT_CLASS = YES_ERROR;
				CLANG_WARN_RANGE_LOOP_ANALYSIS = YES;
				CLANG_WARN_STRICT_PROTOTYPES = YES;
				CLANG_WARN_SUSPICIOUS_MOVE = YES;
				CLANG_WARN_UNGUARDED_AVAILABILITY = YES_AGGRESSIVE;
				CLANG_WARN_UNREACHABLE_CODE = YES;
				CLANG_WARN__DUPLICATE_METHOD_MATCH = YES;
				CODE_SIGN_IDENTITY = "iPhone Developer";
				COPY_PHASE_STRIP = NO;
				DEBUG_INFORMATION_FORMAT = "dwarf-with-dsym";
				ENABLE_NS_ASSERTIONS = NO;
				ENABLE_STRICT_OBJC_MSGSEND = YES;
				GCC_C_LANGUAGE_STANDARD = gnu11;
				GCC_NO_COMMON_BLOCKS = YES;
				GCC_WARN_64_TO_32_BIT_CONVERSION = YES;
				GCC_WARN_ABOUT_RETURN_TYPE = YES_ERROR;
				GCC_WARN_UNDECLARED_SELECTOR = YES;
				GCC_WARN_UNINITIALIZED_AUTOS = YES_AGGRESSIVE;
				GCC_WARN_UNUSED_FUNCTION = YES;
				GCC_WARN_UNUSED_VARIABLE = YES;
				IPHONEOS_DEPLOYMENT_TARGET = 11.2;
				MTL_ENABLE_DEBUG_INFO = NO;
				SDKROOT = iphoneos;
				SWIFT_OPTIMIZATION_LEVEL = "-Owholemodule";
				VALIDATE_PRODUCT = YES;
			};
			name = Release;
		};
		D85A4F162022D0B600E480FB /* Debug */ = {
			isa = XCBuildConfiguration;
			baseConfigurationReference = 3354391D1DF6754426481759 /* Pods-Breaze.debug.xcconfig */;
			buildSettings = {
				ASSETCATALOG_COMPILER_APPICON_NAME = AppIcon;
				CODE_SIGN_ENTITLEMENTS = Breaze/Breaze.entitlements;
				CODE_SIGN_STYLE = Automatic;
				DEVELOPMENT_TEAM = 9HA3P2ES79;
				INFOPLIST_FILE = Breaze/Info.plist;
				LD_RUNPATH_SEARCH_PATHS = "$(inherited) @executable_path/Frameworks";
				PRODUCT_BUNDLE_IDENTIFIER = com.Carquinez.Breaze;
				PRODUCT_NAME = "$(TARGET_NAME)";
				SWIFT_VERSION = 4.2;
				TARGETED_DEVICE_FAMILY = "1,2";
			};
			name = Debug;
		};
		D85A4F172022D0B600E480FB /* Release */ = {
			isa = XCBuildConfiguration;
			baseConfigurationReference = 4D96B2C7509FC4CCF930BABF /* Pods-Breaze.release.xcconfig */;
			buildSettings = {
				ASSETCATALOG_COMPILER_APPICON_NAME = AppIcon;
				CODE_SIGN_ENTITLEMENTS = Breaze/Breaze.entitlements;
				CODE_SIGN_STYLE = Automatic;
				DEVELOPMENT_TEAM = 9HA3P2ES79;
				INFOPLIST_FILE = Breaze/Info.plist;
				LD_RUNPATH_SEARCH_PATHS = "$(inherited) @executable_path/Frameworks";
				PRODUCT_BUNDLE_IDENTIFIER = com.Carquinez.Breaze;
				PRODUCT_NAME = "$(TARGET_NAME)";
				SWIFT_VERSION = 4.2;
				TARGETED_DEVICE_FAMILY = "1,2";
			};
			name = Release;
		};
		D85A4F192022D0B600E480FB /* Debug */ = {
			isa = XCBuildConfiguration;
			baseConfigurationReference = 9C04CF7422E0CBAEE4822157 /* Pods-BreazeTests.debug.xcconfig */;
			buildSettings = {
				ALWAYS_EMBED_SWIFT_STANDARD_LIBRARIES = YES;
				BUNDLE_LOADER = "$(TEST_HOST)";
				CODE_SIGN_STYLE = Automatic;
				DEVELOPMENT_TEAM = 9HA3P2ES79;
				INFOPLIST_FILE = BreazeTests/Info.plist;
				LD_RUNPATH_SEARCH_PATHS = "$(inherited) @executable_path/Frameworks @loader_path/Frameworks";
				PRODUCT_BUNDLE_IDENTIFIER = com.Carquinez.BreazeTests;
				PRODUCT_NAME = "$(TARGET_NAME)";
				SWIFT_VERSION = 4.2;
				TARGETED_DEVICE_FAMILY = "1,2";
				TEST_HOST = "$(BUILT_PRODUCTS_DIR)/Breaze.app/Breaze";
			};
			name = Debug;
		};
		D85A4F1A2022D0B600E480FB /* Release */ = {
			isa = XCBuildConfiguration;
			baseConfigurationReference = 0E3F589E9924B154B7249143 /* Pods-BreazeTests.release.xcconfig */;
			buildSettings = {
				ALWAYS_EMBED_SWIFT_STANDARD_LIBRARIES = YES;
				BUNDLE_LOADER = "$(TEST_HOST)";
				CODE_SIGN_STYLE = Automatic;
				DEVELOPMENT_TEAM = 9HA3P2ES79;
				INFOPLIST_FILE = BreazeTests/Info.plist;
				LD_RUNPATH_SEARCH_PATHS = "$(inherited) @executable_path/Frameworks @loader_path/Frameworks";
				PRODUCT_BUNDLE_IDENTIFIER = com.Carquinez.BreazeTests;
				PRODUCT_NAME = "$(TARGET_NAME)";
				SWIFT_VERSION = 4.2;
				TARGETED_DEVICE_FAMILY = "1,2";
				TEST_HOST = "$(BUILT_PRODUCTS_DIR)/Breaze.app/Breaze";
			};
			name = Release;
		};
		D85A4F1C2022D0B600E480FB /* Debug */ = {
			isa = XCBuildConfiguration;
			baseConfigurationReference = CCE8FC1545CF717B71C529A8 /* Pods-BreazeUITests.debug.xcconfig */;
			buildSettings = {
				ALWAYS_EMBED_SWIFT_STANDARD_LIBRARIES = YES;
				CODE_SIGN_STYLE = Automatic;
				DEVELOPMENT_TEAM = 9HA3P2ES79;
				INFOPLIST_FILE = BreazeUITests/Info.plist;
				LD_RUNPATH_SEARCH_PATHS = "$(inherited) @executable_path/Frameworks @loader_path/Frameworks";
				PRODUCT_BUNDLE_IDENTIFIER = com.Carquinez.BreazeUITests;
				PRODUCT_NAME = "$(TARGET_NAME)";
				SWIFT_VERSION = 4.2;
				TARGETED_DEVICE_FAMILY = "1,2";
				TEST_TARGET_NAME = Breaze;
			};
			name = Debug;
		};
		D85A4F1D2022D0B600E480FB /* Release */ = {
			isa = XCBuildConfiguration;
			baseConfigurationReference = 1315CB8B613D6B0310848396 /* Pods-BreazeUITests.release.xcconfig */;
			buildSettings = {
				ALWAYS_EMBED_SWIFT_STANDARD_LIBRARIES = YES;
				CODE_SIGN_STYLE = Automatic;
				DEVELOPMENT_TEAM = 9HA3P2ES79;
				INFOPLIST_FILE = BreazeUITests/Info.plist;
				LD_RUNPATH_SEARCH_PATHS = "$(inherited) @executable_path/Frameworks @loader_path/Frameworks";
				PRODUCT_BUNDLE_IDENTIFIER = com.Carquinez.BreazeUITests;
				PRODUCT_NAME = "$(TARGET_NAME)";
				SWIFT_VERSION = 4.2;
				TARGETED_DEVICE_FAMILY = "1,2";
				TEST_TARGET_NAME = Breaze;
			};
			name = Release;
		};
/* End XCBuildConfiguration section */

/* Begin XCConfigurationList section */
		D85A4EE62022D0B500E480FB /* Build configuration list for PBXProject "Breaze" */ = {
			isa = XCConfigurationList;
			buildConfigurations = (
				D85A4F132022D0B600E480FB /* Debug */,
				D85A4F142022D0B600E480FB /* Release */,
			);
			defaultConfigurationIsVisible = 0;
			defaultConfigurationName = Release;
		};
		D85A4F152022D0B600E480FB /* Build configuration list for PBXNativeTarget "Breaze" */ = {
			isa = XCConfigurationList;
			buildConfigurations = (
				D85A4F162022D0B600E480FB /* Debug */,
				D85A4F172022D0B600E480FB /* Release */,
			);
			defaultConfigurationIsVisible = 0;
			defaultConfigurationName = Release;
		};
		D85A4F182022D0B600E480FB /* Build configuration list for PBXNativeTarget "BreazeTests" */ = {
			isa = XCConfigurationList;
			buildConfigurations = (
				D85A4F192022D0B600E480FB /* Debug */,
				D85A4F1A2022D0B600E480FB /* Release */,
			);
			defaultConfigurationIsVisible = 0;
			defaultConfigurationName = Release;
		};
		D85A4F1B2022D0B600E480FB /* Build configuration list for PBXNativeTarget "BreazeUITests" */ = {
			isa = XCConfigurationList;
			buildConfigurations = (
				D85A4F1C2022D0B600E480FB /* Debug */,
				D85A4F1D2022D0B600E480FB /* Release */,
			);
			defaultConfigurationIsVisible = 0;
			defaultConfigurationName = Release;
		};
/* End XCConfigurationList section */

/* Begin XCVersionGroup section */
		7972654420E3368E00578419 /* Weather.xcdatamodeld */ = {
			isa = XCVersionGroup;
			children = (
				7972654520E3368E00578419 /* Weather.xcdatamodel */,
			);
			currentVersion = 7972654520E3368E00578419 /* Weather.xcdatamodel */;
			path = Weather.xcdatamodeld;
			sourceTree = "<group>";
			versionGroupType = wrapper.xcdatamodel;
		};
/* End XCVersionGroup section */
	};
	rootObject = D85A4EE32022D0B500E480FB /* Project object */;
}
