// !$*UTF8*$!
{
	archiveVersion = 1;
	classes = {
	};
	objectVersion = 48;
	objects = {

/* Begin PBXBuildFile section */
		791CE1C120B252F100299F76 /* Utils.swift in Sources */ = {isa = PBXBuildFile; fileRef = 791CE1C020B252F100299F76 /* Utils.swift */; };
		7984F98D24A4565400989DB8 /* YearViewController.swift in Sources */ = {isa = PBXBuildFile; fileRef = 7984F98C24A4565400989DB8 /* YearViewController.swift */; };
		7984F98F24A56EFD00989DB8 /* ArchiveAPI.swift in Sources */ = {isa = PBXBuildFile; fileRef = 7984F98E24A56EFD00989DB8 /* ArchiveAPI.swift */; };
		799C3C902345582F00D9341E /* HealthKit.framework in Frameworks */ = {isa = PBXBuildFile; fileRef = 799C3C8F2345582F00D9341E /* HealthKit.framework */; };
		C1A86AE7CB901E9AE4559733 /* Pods_BreazeTests.framework in Frameworks */ = {isa = PBXBuildFile; fileRef = BC1F0E4AA282D7B36ED40FA4 /* Pods_BreazeTests.framework */; };
		CBC5228E1B6761BEF185B8AD /* Pods_Breaze.framework in Frameworks */ = {isa = PBXBuildFile; fileRef = 4A700AD3051D76CBB67400BC /* Pods_Breaze.framework */; };
		D51C53AE71B1FA9965B4E724 /* Pods_BreazeUITests.framework in Frameworks */ = {isa = PBXBuildFile; fileRef = 6A926AF80C0D08EF375C20D5 /* Pods_BreazeUITests.framework */; };
		D83EB53E24CE33C60016726C /* ArchiveNavigationController.swift in Sources */ = {isa = PBXBuildFile; fileRef = D83EB53D24CE33C60016726C /* ArchiveNavigationController.swift */; };
		D83EB54024CE49880016726C /* StartViewController.swift in Sources */ = {isa = PBXBuildFile; fileRef = D83EB53F24CE49880016726C /* StartViewController.swift */; };
		D83EB54224CE62170016726C /* ArchiveTabBarController.swift in Sources */ = {isa = PBXBuildFile; fileRef = D83EB54124CE62170016726C /* ArchiveTabBarController.swift */; };
		D843EBDD24B3B10300C128A5 /* AudioPlayerArchive.swift in Sources */ = {isa = PBXBuildFile; fileRef = D843EBDC24B3B10300C128A5 /* AudioPlayerArchive.swift */; };
		D8449A6824AEF3C200F113F4 /* MonthViewController.swift in Sources */ = {isa = PBXBuildFile; fileRef = D8449A6724AEF3C200F113F4 /* MonthViewController.swift */; };
		D8449A6A24AEF57600F113F4 /* MonthTableViewCell.swift in Sources */ = {isa = PBXBuildFile; fileRef = D8449A6924AEF57600F113F4 /* MonthTableViewCell.swift */; };
		D84C3D8224CD164C007AF4EE /* ShowDetailTableViewCell.swift in Sources */ = {isa = PBXBuildFile; fileRef = D84C3D8124CD164C007AF4EE /* ShowDetailTableViewCell.swift */; };
		D84D2B8E24C2925A006C8175 /* DownloadsViewController.swift in Sources */ = {isa = PBXBuildFile; fileRef = D84D2B8D24C2925A006C8175 /* DownloadsViewController.swift */; };
		D84D6E2824BEB5140022A058 /* NetworkUtility.swift in Sources */ = {isa = PBXBuildFile; fileRef = D84D6E2724BEB5140022A058 /* NetworkUtility.swift */; };
		D84D6E2A24BFE5780022A058 /* GoogleService-Info.plist in Resources */ = {isa = PBXBuildFile; fileRef = D84D6E2924BFE5780022A058 /* GoogleService-Info.plist */; };
		D84D6E2B24BFE5780022A058 /* GoogleService-Info.plist in Resources */ = {isa = PBXBuildFile; fileRef = D84D6E2924BFE5780022A058 /* GoogleService-Info.plist */; };
		D84D6E2C24BFE5780022A058 /* GoogleService-Info.plist in Resources */ = {isa = PBXBuildFile; fileRef = D84D6E2924BFE5780022A058 /* GoogleService-Info.plist */; };
		D850B8FD24B26EAC00E3DC6B /* ShowMetadataModel.swift in Sources */ = {isa = PBXBuildFile; fileRef = D850B8FC24B26EAC00E3DC6B /* ShowMetadataModel.swift */; };
		D850B8FF24B2BA7400E3DC6B /* AudioPlayer.swift in Sources */ = {isa = PBXBuildFile; fileRef = D850B8FE24B2BA7400E3DC6B /* AudioPlayer.swift */; };
		D852C3C724B1219400029EB9 /* ShowsListViewController.swift in Sources */ = {isa = PBXBuildFile; fileRef = D852C3C624B1219400029EB9 /* ShowsListViewController.swift */; };
		D852C3C924B121E000029EB9 /* ShowsListTableViewCell.swift in Sources */ = {isa = PBXBuildFile; fileRef = D852C3C824B121E000029EB9 /* ShowsListTableViewCell.swift */; };
		D852C3CB24B1AA1C00029EB9 /* ShowViewController.swift in Sources */ = {isa = PBXBuildFile; fileRef = D852C3CA24B1AA1C00029EB9 /* ShowViewController.swift */; };
		D852C3CD24B1AA5100029EB9 /* ShowTableViewCell.swift in Sources */ = {isa = PBXBuildFile; fileRef = D852C3CC24B1AA5100029EB9 /* ShowTableViewCell.swift */; };
		D85A4EEF2022D0B600E480FB /* AppDelegate.swift in Sources */ = {isa = PBXBuildFile; fileRef = D85A4EEE2022D0B600E480FB /* AppDelegate.swift */; };
		D85A4EF62022D0B600E480FB /* Main.storyboard in Resources */ = {isa = PBXBuildFile; fileRef = D85A4EF42022D0B600E480FB /* Main.storyboard */; };
		D85A4EF82022D0B600E480FB /* Assets.xcassets in Resources */ = {isa = PBXBuildFile; fileRef = D85A4EF72022D0B600E480FB /* Assets.xcassets */; };
		D85A4EFB2022D0B600E480FB /* LaunchScreen.storyboard in Resources */ = {isa = PBXBuildFile; fileRef = D85A4EF92022D0B600E480FB /* LaunchScreen.storyboard */; };
		D85A4F062022D0B600E480FB /* BreazeTests.swift in Sources */ = {isa = PBXBuildFile; fileRef = D85A4F052022D0B600E480FB /* BreazeTests.swift */; };
		D85A4F112022D0B600E480FB /* BreazeUITests.swift in Sources */ = {isa = PBXBuildFile; fileRef = D85A4F102022D0B600E480FB /* BreazeUITests.swift */; };
		D879502E24C69E2900FB2436 /* MiniPlayerViewController.swift in Sources */ = {isa = PBXBuildFile; fileRef = D879502D24C69E2900FB2436 /* MiniPlayerViewController.swift */; };
		D892BBA024CBBCF5008E4960 /* ArchiveSuperViewController.swift in Sources */ = {isa = PBXBuildFile; fileRef = D892BB9F24CBBCF5008E4960 /* ArchiveSuperViewController.swift */; };
		D8A5324C24A9AFF2002379CF /* ArchiveCell.swift in Sources */ = {isa = PBXBuildFile; fileRef = D8A5324B24A9AFF2002379CF /* ArchiveCell.swift */; };
		D8B65F0024C54A5500F57355 /* DownloadPlayerViewController.swift in Sources */ = {isa = PBXBuildFile; fileRef = D8B65EFF24C54A5500F57355 /* DownloadPlayerViewController.swift */; };
/* End PBXBuildFile section */

/* Begin PBXContainerItemProxy section */
		D85A4F022022D0B600E480FB /* PBXContainerItemProxy */ = {
			isa = PBXContainerItemProxy;
			containerPortal = D85A4EE32022D0B500E480FB /* Project object */;
			proxyType = 1;
			remoteGlobalIDString = D85A4EEA2022D0B500E480FB;
			remoteInfo = Breaze;
		};
		D85A4F0D2022D0B600E480FB /* PBXContainerItemProxy */ = {
			isa = PBXContainerItemProxy;
			containerPortal = D85A4EE32022D0B500E480FB /* Project object */;
			proxyType = 1;
			remoteGlobalIDString = D85A4EEA2022D0B500E480FB;
			remoteInfo = Breaze;
		};
/* End PBXContainerItemProxy section */

/* Begin PBXFileReference section */
		0E3F589E9924B154B7249143 /* Pods-BreazeTests.release.xcconfig */ = {isa = PBXFileReference; includeInIndex = 1; lastKnownFileType = text.xcconfig; name = "Pods-BreazeTests.release.xcconfig"; path = "Target Support Files/Pods-BreazeTests/Pods-BreazeTests.release.xcconfig"; sourceTree = "<group>"; };
		1315CB8B613D6B0310848396 /* Pods-BreazeUITests.release.xcconfig */ = {isa = PBXFileReference; includeInIndex = 1; lastKnownFileType = text.xcconfig; name = "Pods-BreazeUITests.release.xcconfig"; path = "Target Support Files/Pods-BreazeUITests/Pods-BreazeUITests.release.xcconfig"; sourceTree = "<group>"; };
		3354391D1DF6754426481759 /* Pods-Breaze.debug.xcconfig */ = {isa = PBXFileReference; includeInIndex = 1; lastKnownFileType = text.xcconfig; name = "Pods-Breaze.debug.xcconfig"; path = "Target Support Files/Pods-Breaze/Pods-Breaze.debug.xcconfig"; sourceTree = "<group>"; };
		4A700AD3051D76CBB67400BC /* Pods_Breaze.framework */ = {isa = PBXFileReference; explicitFileType = wrapper.framework; includeInIndex = 0; path = Pods_Breaze.framework; sourceTree = BUILT_PRODUCTS_DIR; };
		4D96B2C7509FC4CCF930BABF /* Pods-Breaze.release.xcconfig */ = {isa = PBXFileReference; includeInIndex = 1; lastKnownFileType = text.xcconfig; name = "Pods-Breaze.release.xcconfig"; path = "Target Support Files/Pods-Breaze/Pods-Breaze.release.xcconfig"; sourceTree = "<group>"; };
		6A926AF80C0D08EF375C20D5 /* Pods_BreazeUITests.framework */ = {isa = PBXFileReference; explicitFileType = wrapper.framework; includeInIndex = 0; path = Pods_BreazeUITests.framework; sourceTree = BUILT_PRODUCTS_DIR; };
		791CE1C020B252F100299F76 /* Utils.swift */ = {isa = PBXFileReference; lastKnownFileType = sourcecode.swift; path = Utils.swift; sourceTree = "<group>"; };
		7984F98C24A4565400989DB8 /* YearViewController.swift */ = {isa = PBXFileReference; lastKnownFileType = sourcecode.swift; path = YearViewController.swift; sourceTree = "<group>"; };
		7984F98E24A56EFD00989DB8 /* ArchiveAPI.swift */ = {isa = PBXFileReference; lastKnownFileType = sourcecode.swift; path = ArchiveAPI.swift; sourceTree = "<group>"; };
		799C3C8E2345582E00D9341E /* Breaze.entitlements */ = {isa = PBXFileReference; lastKnownFileType = text.plist.entitlements; path = Breaze.entitlements; sourceTree = "<group>"; };
		799C3C8F2345582F00D9341E /* HealthKit.framework */ = {isa = PBXFileReference; lastKnownFileType = wrapper.framework; name = HealthKit.framework; path = System/Library/Frameworks/HealthKit.framework; sourceTree = SDKROOT; };
		9C04CF7422E0CBAEE4822157 /* Pods-BreazeTests.debug.xcconfig */ = {isa = PBXFileReference; includeInIndex = 1; lastKnownFileType = text.xcconfig; name = "Pods-BreazeTests.debug.xcconfig"; path = "Target Support Files/Pods-BreazeTests/Pods-BreazeTests.debug.xcconfig"; sourceTree = "<group>"; };
		BC1F0E4AA282D7B36ED40FA4 /* Pods_BreazeTests.framework */ = {isa = PBXFileReference; explicitFileType = wrapper.framework; includeInIndex = 0; path = Pods_BreazeTests.framework; sourceTree = BUILT_PRODUCTS_DIR; };
		CCE8FC1545CF717B71C529A8 /* Pods-BreazeUITests.debug.xcconfig */ = {isa = PBXFileReference; includeInIndex = 1; lastKnownFileType = text.xcconfig; name = "Pods-BreazeUITests.debug.xcconfig"; path = "Target Support Files/Pods-BreazeUITests/Pods-BreazeUITests.debug.xcconfig"; sourceTree = "<group>"; };
		D83EB53D24CE33C60016726C /* ArchiveNavigationController.swift */ = {isa = PBXFileReference; lastKnownFileType = sourcecode.swift; path = ArchiveNavigationController.swift; sourceTree = "<group>"; };
		D83EB53F24CE49880016726C /* StartViewController.swift */ = {isa = PBXFileReference; lastKnownFileType = sourcecode.swift; path = StartViewController.swift; sourceTree = "<group>"; };
		D83EB54124CE62170016726C /* ArchiveTabBarController.swift */ = {isa = PBXFileReference; lastKnownFileType = sourcecode.swift; path = ArchiveTabBarController.swift; sourceTree = "<group>"; };
		D843EBDC24B3B10300C128A5 /* AudioPlayerArchive.swift */ = {isa = PBXFileReference; lastKnownFileType = sourcecode.swift; path = AudioPlayerArchive.swift; sourceTree = "<group>"; };
		D8449A6724AEF3C200F113F4 /* MonthViewController.swift */ = {isa = PBXFileReference; lastKnownFileType = sourcecode.swift; path = MonthViewController.swift; sourceTree = "<group>"; };
		D8449A6924AEF57600F113F4 /* MonthTableViewCell.swift */ = {isa = PBXFileReference; lastKnownFileType = sourcecode.swift; path = MonthTableViewCell.swift; sourceTree = "<group>"; };
		D84C3D8124CD164C007AF4EE /* ShowDetailTableViewCell.swift */ = {isa = PBXFileReference; lastKnownFileType = sourcecode.swift; path = ShowDetailTableViewCell.swift; sourceTree = "<group>"; };
		D84D2B8D24C2925A006C8175 /* DownloadsViewController.swift */ = {isa = PBXFileReference; lastKnownFileType = sourcecode.swift; path = DownloadsViewController.swift; sourceTree = "<group>"; };
		D84D6E2724BEB5140022A058 /* NetworkUtility.swift */ = {isa = PBXFileReference; fileEncoding = 4; lastKnownFileType = sourcecode.swift; path = NetworkUtility.swift; sourceTree = "<group>"; };
		D84D6E2924BFE5780022A058 /* GoogleService-Info.plist */ = {isa = PBXFileReference; fileEncoding = 4; lastKnownFileType = text.plist.xml; name = "GoogleService-Info.plist"; path = "../../../Downloads/GoogleService-Info.plist"; sourceTree = "<group>"; };
		D850B8FC24B26EAC00E3DC6B /* ShowMetadataModel.swift */ = {isa = PBXFileReference; lastKnownFileType = sourcecode.swift; path = ShowMetadataModel.swift; sourceTree = "<group>"; };
		D850B8FE24B2BA7400E3DC6B /* AudioPlayer.swift */ = {isa = PBXFileReference; lastKnownFileType = sourcecode.swift; path = AudioPlayer.swift; sourceTree = "<group>"; };
		D852C3C624B1219400029EB9 /* ShowsListViewController.swift */ = {isa = PBXFileReference; lastKnownFileType = sourcecode.swift; path = ShowsListViewController.swift; sourceTree = "<group>"; };
		D852C3C824B121E000029EB9 /* ShowsListTableViewCell.swift */ = {isa = PBXFileReference; lastKnownFileType = sourcecode.swift; path = ShowsListTableViewCell.swift; sourceTree = "<group>"; };
		D852C3CA24B1AA1C00029EB9 /* ShowViewController.swift */ = {isa = PBXFileReference; lastKnownFileType = sourcecode.swift; path = ShowViewController.swift; sourceTree = "<group>"; };
		D852C3CC24B1AA5100029EB9 /* ShowTableViewCell.swift */ = {isa = PBXFileReference; lastKnownFileType = sourcecode.swift; path = ShowTableViewCell.swift; sourceTree = "<group>"; };
		D85A4EEB2022D0B500E480FB /* Chateau.app */ = {isa = PBXFileReference; explicitFileType = wrapper.application; includeInIndex = 0; path = Chateau.app; sourceTree = BUILT_PRODUCTS_DIR; };
		D85A4EEE2022D0B600E480FB /* AppDelegate.swift */ = {isa = PBXFileReference; lastKnownFileType = sourcecode.swift; path = AppDelegate.swift; sourceTree = "<group>"; };
		D85A4EF52022D0B600E480FB /* Base */ = {isa = PBXFileReference; lastKnownFileType = file.storyboard; name = Base; path = Base.lproj/Main.storyboard; sourceTree = "<group>"; };
		D85A4EF72022D0B600E480FB /* Assets.xcassets */ = {isa = PBXFileReference; lastKnownFileType = folder.assetcatalog; path = Assets.xcassets; sourceTree = "<group>"; };
		D85A4EFA2022D0B600E480FB /* Base */ = {isa = PBXFileReference; lastKnownFileType = file.storyboard; name = Base; path = Base.lproj/LaunchScreen.storyboard; sourceTree = "<group>"; };
		D85A4EFC2022D0B600E480FB /* Info.plist */ = {isa = PBXFileReference; lastKnownFileType = text.plist.xml; path = Info.plist; sourceTree = "<group>"; };
		D85A4F012022D0B600E480FB /* BreazeTests.xctest */ = {isa = PBXFileReference; explicitFileType = wrapper.cfbundle; includeInIndex = 0; path = BreazeTests.xctest; sourceTree = BUILT_PRODUCTS_DIR; };
		D85A4F052022D0B600E480FB /* BreazeTests.swift */ = {isa = PBXFileReference; lastKnownFileType = sourcecode.swift; path = BreazeTests.swift; sourceTree = "<group>"; };
		D85A4F072022D0B600E480FB /* Info.plist */ = {isa = PBXFileReference; lastKnownFileType = text.plist.xml; path = Info.plist; sourceTree = "<group>"; };
		D85A4F0C2022D0B600E480FB /* BreazeUITests.xctest */ = {isa = PBXFileReference; explicitFileType = wrapper.cfbundle; includeInIndex = 0; path = BreazeUITests.xctest; sourceTree = BUILT_PRODUCTS_DIR; };
		D85A4F102022D0B600E480FB /* BreazeUITests.swift */ = {isa = PBXFileReference; lastKnownFileType = sourcecode.swift; path = BreazeUITests.swift; sourceTree = "<group>"; };
		D85A4F122022D0B600E480FB /* Info.plist */ = {isa = PBXFileReference; lastKnownFileType = text.plist.xml; path = Info.plist; sourceTree = "<group>"; };
		D879502D24C69E2900FB2436 /* MiniPlayerViewController.swift */ = {isa = PBXFileReference; lastKnownFileType = sourcecode.swift; path = MiniPlayerViewController.swift; sourceTree = "<group>"; };
		D892BB9F24CBBCF5008E4960 /* ArchiveSuperViewController.swift */ = {isa = PBXFileReference; lastKnownFileType = sourcecode.swift; path = ArchiveSuperViewController.swift; sourceTree = "<group>"; };
		D8A5324B24A9AFF2002379CF /* ArchiveCell.swift */ = {isa = PBXFileReference; lastKnownFileType = sourcecode.swift; path = ArchiveCell.swift; sourceTree = "<group>"; };
		D8B65EFF24C54A5500F57355 /* DownloadPlayerViewController.swift */ = {isa = PBXFileReference; lastKnownFileType = sourcecode.swift; path = DownloadPlayerViewController.swift; sourceTree = "<group>"; };
/* End PBXFileReference section */

/* Begin PBXFrameworksBuildPhase section */
		D85A4EE82022D0B500E480FB /* Frameworks */ = {
			isa = PBXFrameworksBuildPhase;
			buildActionMask = 2147483647;
			files = (
				CBC5228E1B6761BEF185B8AD /* Pods_Breaze.framework in Frameworks */,
				799C3C902345582F00D9341E /* HealthKit.framework in Frameworks */,
			);
			runOnlyForDeploymentPostprocessing = 0;
		};
		D85A4EFE2022D0B600E480FB /* Frameworks */ = {
			isa = PBXFrameworksBuildPhase;
			buildActionMask = 2147483647;
			files = (
				C1A86AE7CB901E9AE4559733 /* Pods_BreazeTests.framework in Frameworks */,
			);
			runOnlyForDeploymentPostprocessing = 0;
		};
		D85A4F092022D0B600E480FB /* Frameworks */ = {
			isa = PBXFrameworksBuildPhase;
			buildActionMask = 2147483647;
			files = (
				D51C53AE71B1FA9965B4E724 /* Pods_BreazeUITests.framework in Frameworks */,
			);
			runOnlyForDeploymentPostprocessing = 0;
		};
/* End PBXFrameworksBuildPhase section */

/* Begin PBXGroup section */
		7984F98924A4556400989DB8 /* Archive */ = {
			isa = PBXGroup;
			children = (
				D892BBA124CBBD98008E4960 /* ViewControllers */,
				D892BBA524CBBEF3008E4960 /* Cells */,
				D892BBA424CBBE40008E4960 /* MediaPlayers */,
				D892BBA224CBBDF4008E4960 /* Models */,
				D892BBA624CBBF58008E4960 /* Network */,
			);
			name = Archive;
			path = ..;
			sourceTree = "<group>";
		};
		8C539CAA670F9CFD521CA7FB /* Pods */ = {
			isa = PBXGroup;
			children = (
				3354391D1DF6754426481759 /* Pods-Breaze.debug.xcconfig */,
				4D96B2C7509FC4CCF930BABF /* Pods-Breaze.release.xcconfig */,
				9C04CF7422E0CBAEE4822157 /* Pods-BreazeTests.debug.xcconfig */,
				0E3F589E9924B154B7249143 /* Pods-BreazeTests.release.xcconfig */,
				CCE8FC1545CF717B71C529A8 /* Pods-BreazeUITests.debug.xcconfig */,
				1315CB8B613D6B0310848396 /* Pods-BreazeUITests.release.xcconfig */,
			);
			path = Pods;
			sourceTree = "<group>";
		};
		D85A4EE22022D0B500E480FB = {
			isa = PBXGroup;
			children = (
				D85A4EED2022D0B500E480FB /* Breaze */,
				D85A4F0F2022D0B600E480FB /* BreazeUITests */,
				D85A4F042022D0B600E480FB /* BreazeTests */,
				D85A4EEC2022D0B500E480FB /* Products */,
				8C539CAA670F9CFD521CA7FB /* Pods */,
				F750615CF5BAF14CDA3C127E /* Frameworks */,
			);
			sourceTree = "<group>";
		};
		D85A4EEC2022D0B500E480FB /* Products */ = {
			isa = PBXGroup;
			children = (
				D85A4EEB2022D0B500E480FB /* Chateau.app */,
				D85A4F012022D0B600E480FB /* BreazeTests.xctest */,
				D85A4F0C2022D0B600E480FB /* BreazeUITests.xctest */,
			);
			name = Products;
			sourceTree = "<group>";
		};
		D85A4EED2022D0B500E480FB /* Breaze */ = {
			isa = PBXGroup;
			children = (
				D84D6E2924BFE5780022A058 /* GoogleService-Info.plist */,
				799C3C8E2345582E00D9341E /* Breaze.entitlements */,
				D85A4EEE2022D0B600E480FB /* AppDelegate.swift */,
				D85A4EF42022D0B600E480FB /* Main.storyboard */,
				D85A4EF92022D0B600E480FB /* LaunchScreen.storyboard */,
				791CE1C020B252F100299F76 /* Utils.swift */,
				7984F98924A4556400989DB8 /* Archive */,
				D85A4EF72022D0B600E480FB /* Assets.xcassets */,
				D85A4EFC2022D0B600E480FB /* Info.plist */,
			);
			path = Breaze;
			sourceTree = "<group>";
		};
		D85A4F042022D0B600E480FB /* BreazeTests */ = {
			isa = PBXGroup;
			children = (
				D85A4F052022D0B600E480FB /* BreazeTests.swift */,
				D85A4F072022D0B600E480FB /* Info.plist */,
			);
			path = BreazeTests;
			sourceTree = "<group>";
		};
		D85A4F0F2022D0B600E480FB /* BreazeUITests */ = {
			isa = PBXGroup;
			children = (
				D85A4F102022D0B600E480FB /* BreazeUITests.swift */,
				D85A4F122022D0B600E480FB /* Info.plist */,
			);
			path = BreazeUITests;
			sourceTree = "<group>";
		};
		D892BBA124CBBD98008E4960 /* ViewControllers */ = {
			isa = PBXGroup;
			children = (
				D892BB9F24CBBCF5008E4960 /* ArchiveSuperViewController.swift */,
				D83EB53F24CE49880016726C /* StartViewController.swift */,
				D83EB54124CE62170016726C /* ArchiveTabBarController.swift */,
				D83EB53D24CE33C60016726C /* ArchiveNavigationController.swift */,
				7984F98C24A4565400989DB8 /* YearViewController.swift */,
				D8449A6724AEF3C200F113F4 /* MonthViewController.swift */,
				D852C3C624B1219400029EB9 /* ShowsListViewController.swift */,
				D852C3CA24B1AA1C00029EB9 /* ShowViewController.swift */,
				D84D2B8D24C2925A006C8175 /* DownloadsViewController.swift */,
				D8B65EFF24C54A5500F57355 /* DownloadPlayerViewController.swift */,
				D879502D24C69E2900FB2436 /* MiniPlayerViewController.swift */,
			);
			path = ViewControllers;
			sourceTree = "<group>";
		};
		D892BBA224CBBDF4008E4960 /* Models */ = {
			isa = PBXGroup;
			children = (
				D850B8FC24B26EAC00E3DC6B /* ShowMetadataModel.swift */,
			);
			path = Models;
			sourceTree = "<group>";
		};
		D892BBA424CBBE40008E4960 /* MediaPlayers */ = {
			isa = PBXGroup;
			children = (
				D843EBDC24B3B10300C128A5 /* AudioPlayerArchive.swift */,
				D850B8FE24B2BA7400E3DC6B /* AudioPlayer.swift */,
			);
			path = MediaPlayers;
			sourceTree = "<group>";
		};
		D892BBA524CBBEF3008E4960 /* Cells */ = {
			isa = PBXGroup;
			children = (
				D8A5324B24A9AFF2002379CF /* ArchiveCell.swift */,
				D8449A6924AEF57600F113F4 /* MonthTableViewCell.swift */,
				D852C3C824B121E000029EB9 /* ShowsListTableViewCell.swift */,
				D852C3CC24B1AA5100029EB9 /* ShowTableViewCell.swift */,
				D84C3D8124CD164C007AF4EE /* ShowDetailTableViewCell.swift */,
			);
			path = Cells;
			sourceTree = "<group>";
		};
		D892BBA624CBBF58008E4960 /* Network */ = {
			isa = PBXGroup;
			children = (
				D84D6E2724BEB5140022A058 /* NetworkUtility.swift */,
				7984F98E24A56EFD00989DB8 /* ArchiveAPI.swift */,
			);
			path = Network;
			sourceTree = "<group>";
		};
		F750615CF5BAF14CDA3C127E /* Frameworks */ = {
			isa = PBXGroup;
			children = (
				799C3C8F2345582F00D9341E /* HealthKit.framework */,
				4A700AD3051D76CBB67400BC /* Pods_Breaze.framework */,
				BC1F0E4AA282D7B36ED40FA4 /* Pods_BreazeTests.framework */,
				6A926AF80C0D08EF375C20D5 /* Pods_BreazeUITests.framework */,
			);
			name = Frameworks;
			sourceTree = "<group>";
		};
/* End PBXGroup section */

/* Begin PBXNativeTarget section */
		D85A4EEA2022D0B500E480FB /* Breaze */ = {
			isa = PBXNativeTarget;
			buildConfigurationList = D85A4F152022D0B600E480FB /* Build configuration list for PBXNativeTarget "Breaze" */;
			buildPhases = (
				A1D9DDD53C0256631E7CD254 /* [CP] Check Pods Manifest.lock */,
				D85A4EE72022D0B500E480FB /* Sources */,
				D85A4EE82022D0B500E480FB /* Frameworks */,
				D85A4EE92022D0B500E480FB /* Resources */,
				562A63D65A9D4A0D8B865977 /* [CP] Embed Pods Frameworks */,
				7C663223189B0610C477BB59 /* [CP] Copy Pods Resources */,
			);
			buildRules = (
			);
			dependencies = (
			);
			name = Breaze;
			productName = Breaze;
			productReference = D85A4EEB2022D0B500E480FB /* Chateau.app */;
			productType = "com.apple.product-type.application";
		};
		D85A4F002022D0B600E480FB /* BreazeTests */ = {
			isa = PBXNativeTarget;
			buildConfigurationList = D85A4F182022D0B600E480FB /* Build configuration list for PBXNativeTarget "BreazeTests" */;
			buildPhases = (
				304ED911621E78B2A582E326 /* [CP] Check Pods Manifest.lock */,
				D85A4EFD2022D0B600E480FB /* Sources */,
				D85A4EFE2022D0B600E480FB /* Frameworks */,
				D85A4EFF2022D0B600E480FB /* Resources */,
			);
			buildRules = (
			);
			dependencies = (
				D85A4F032022D0B600E480FB /* PBXTargetDependency */,
			);
			name = BreazeTests;
			productName = BreazeTests;
			productReference = D85A4F012022D0B600E480FB /* BreazeTests.xctest */;
			productType = "com.apple.product-type.bundle.unit-test";
		};
		D85A4F0B2022D0B600E480FB /* BreazeUITests */ = {
			isa = PBXNativeTarget;
			buildConfigurationList = D85A4F1B2022D0B600E480FB /* Build configuration list for PBXNativeTarget "BreazeUITests" */;
			buildPhases = (
				4F230DEF83CBD8B34FB8F148 /* [CP] Check Pods Manifest.lock */,
				D85A4F082022D0B600E480FB /* Sources */,
				D85A4F092022D0B600E480FB /* Frameworks */,
				D85A4F0A2022D0B600E480FB /* Resources */,
			);
			buildRules = (
			);
			dependencies = (
				D85A4F0E2022D0B600E480FB /* PBXTargetDependency */,
			);
			name = BreazeUITests;
			productName = BreazeUITests;
			productReference = D85A4F0C2022D0B600E480FB /* BreazeUITests.xctest */;
			productType = "com.apple.product-type.bundle.ui-testing";
		};
/* End PBXNativeTarget section */

/* Begin PBXProject section */
		D85A4EE32022D0B500E480FB /* Project object */ = {
			isa = PBXProject;
			attributes = {
				LastSwiftUpdateCheck = 0920;
				LastUpgradeCheck = 0940;
				ORGANIZATIONNAME = Carquinez;
				TargetAttributes = {
					D85A4EEA2022D0B500E480FB = {
						CreatedOnToolsVersion = 9.2;
						LastSwiftMigration = 1140;
						ProvisioningStyle = Automatic;
					};
					D85A4F002022D0B600E480FB = {
						CreatedOnToolsVersion = 9.2;
						LastSwiftMigration = 1140;
						ProvisioningStyle = Automatic;
						TestTargetID = D85A4EEA2022D0B500E480FB;
					};
					D85A4F0B2022D0B600E480FB = {
						CreatedOnToolsVersion = 9.2;
						LastSwiftMigration = 1140;
						ProvisioningStyle = Automatic;
						TestTargetID = D85A4EEA2022D0B500E480FB;
					};
				};
			};
			buildConfigurationList = D85A4EE62022D0B500E480FB /* Build configuration list for PBXProject "Breaze" */;
			compatibilityVersion = "Xcode 8.0";
			developmentRegion = en;
			hasScannedForEncodings = 0;
			knownRegions = (
				en,
				Base,
			);
			mainGroup = D85A4EE22022D0B500E480FB;
			productRefGroup = D85A4EEC2022D0B500E480FB /* Products */;
			projectDirPath = "";
			projectRoot = "";
			targets = (
				D85A4EEA2022D0B500E480FB /* Breaze */,
				D85A4F002022D0B600E480FB /* BreazeTests */,
				D85A4F0B2022D0B600E480FB /* BreazeUITests */,
			);
		};
/* End PBXProject section */

/* Begin PBXResourcesBuildPhase section */
		D85A4EE92022D0B500E480FB /* Resources */ = {
			isa = PBXResourcesBuildPhase;
			buildActionMask = 2147483647;
			files = (
				D85A4EFB2022D0B600E480FB /* LaunchScreen.storyboard in Resources */,
				D85A4EF82022D0B600E480FB /* Assets.xcassets in Resources */,
				D85A4EF62022D0B600E480FB /* Main.storyboard in Resources */,
				D84D6E2A24BFE5780022A058 /* GoogleService-Info.plist in Resources */,
			);
			runOnlyForDeploymentPostprocessing = 0;
		};
		D85A4EFF2022D0B600E480FB /* Resources */ = {
			isa = PBXResourcesBuildPhase;
			buildActionMask = 2147483647;
			files = (
				D84D6E2B24BFE5780022A058 /* GoogleService-Info.plist in Resources */,
			);
			runOnlyForDeploymentPostprocessing = 0;
		};
		D85A4F0A2022D0B600E480FB /* Resources */ = {
			isa = PBXResourcesBuildPhase;
			buildActionMask = 2147483647;
			files = (
				D84D6E2C24BFE5780022A058 /* GoogleService-Info.plist in Resources */,
			);
			runOnlyForDeploymentPostprocessing = 0;
		};
/* End PBXResourcesBuildPhase section */

/* Begin PBXShellScriptBuildPhase section */
		304ED911621E78B2A582E326 /* [CP] Check Pods Manifest.lock */ = {
			isa = PBXShellScriptBuildPhase;
			buildActionMask = 2147483647;
			files = (
			);
			inputFileListPaths = (
			);
			inputPaths = (
				"${PODS_PODFILE_DIR_PATH}/Podfile.lock",
				"${PODS_ROOT}/Manifest.lock",
			);
			name = "[CP] Check Pods Manifest.lock";
			outputFileListPaths = (
			);
			outputPaths = (
				"$(DERIVED_FILE_DIR)/Pods-BreazeTests-checkManifestLockResult.txt",
			);
			runOnlyForDeploymentPostprocessing = 0;
			shellPath = /bin/sh;
			shellScript = "diff \"${PODS_PODFILE_DIR_PATH}/Podfile.lock\" \"${PODS_ROOT}/Manifest.lock\" > /dev/null\nif [ $? != 0 ] ; then\n    # print error to STDERR\n    echo \"error: The sandbox is not in sync with the Podfile.lock. Run 'pod install' or update your CocoaPods installation.\" >&2\n    exit 1\nfi\n# This output is used by Xcode 'outputs' to avoid re-running this script phase.\necho \"SUCCESS\" > \"${SCRIPT_OUTPUT_FILE_0}\"\n";
			showEnvVarsInLog = 0;
		};
		4F230DEF83CBD8B34FB8F148 /* [CP] Check Pods Manifest.lock */ = {
			isa = PBXShellScriptBuildPhase;
			buildActionMask = 2147483647;
			files = (
			);
			inputFileListPaths = (
			);
			inputPaths = (
				"${PODS_PODFILE_DIR_PATH}/Podfile.lock",
				"${PODS_ROOT}/Manifest.lock",
			);
			name = "[CP] Check Pods Manifest.lock";
			outputFileListPaths = (
			);
			outputPaths = (
				"$(DERIVED_FILE_DIR)/Pods-BreazeUITests-checkManifestLockResult.txt",
			);
			runOnlyForDeploymentPostprocessing = 0;
			shellPath = /bin/sh;
			shellScript = "diff \"${PODS_PODFILE_DIR_PATH}/Podfile.lock\" \"${PODS_ROOT}/Manifest.lock\" > /dev/null\nif [ $? != 0 ] ; then\n    # print error to STDERR\n    echo \"error: The sandbox is not in sync with the Podfile.lock. Run 'pod install' or update your CocoaPods installation.\" >&2\n    exit 1\nfi\n# This output is used by Xcode 'outputs' to avoid re-running this script phase.\necho \"SUCCESS\" > \"${SCRIPT_OUTPUT_FILE_0}\"\n";
			showEnvVarsInLog = 0;
		};
		562A63D65A9D4A0D8B865977 /* [CP] Embed Pods Frameworks */ = {
			isa = PBXShellScriptBuildPhase;
			buildActionMask = 2147483647;
			files = (
			);
			inputPaths = (
				"${PODS_ROOT}/Target Support Files/Pods-Breaze/Pods-Breaze-frameworks.sh",
				"${BUILT_PRODUCTS_DIR}/Alamofire/Alamofire.framework",
				"${BUILT_PRODUCTS_DIR}/AppAuth/AppAuth.framework",
				"${BUILT_PRODUCTS_DIR}/BoringSSL-GRPC/openssl_grpc.framework",
				"${BUILT_PRODUCTS_DIR}/CodableFirebase/CodableFirebase.framework",
				"${BUILT_PRODUCTS_DIR}/FBSDKCoreKit/FBSDKCoreKit.framework",
				"${BUILT_PRODUCTS_DIR}/FBSDKLoginKit/FBSDKLoginKit.framework",
				"${BUILT_PRODUCTS_DIR}/GTMAppAuth/GTMAppAuth.framework",
				"${BUILT_PRODUCTS_DIR}/GTMSessionFetcher/GTMSessionFetcher.framework",
				"${BUILT_PRODUCTS_DIR}/GoogleUtilities/GoogleUtilities.framework",
				"${BUILT_PRODUCTS_DIR}/PromiseKit/PromiseKit.framework",
				"${BUILT_PRODUCTS_DIR}/PromisesObjC/FBLPromises.framework",
				"${BUILT_PRODUCTS_DIR}/SDWebImage/SDWebImage.framework",
				"${BUILT_PRODUCTS_DIR}/Signals/Signals.framework",
				"${BUILT_PRODUCTS_DIR}/SwiftyJSON/SwiftyJSON.framework",
				"${BUILT_PRODUCTS_DIR}/abseil/absl.framework",
				"${BUILT_PRODUCTS_DIR}/gRPC-C++/grpcpp.framework",
				"${BUILT_PRODUCTS_DIR}/gRPC-Core/grpc.framework",
				"${BUILT_PRODUCTS_DIR}/leveldb-library/leveldb.framework",
				"${BUILT_PRODUCTS_DIR}/nanopb/nanopb.framework",
			);
			name = "[CP] Embed Pods Frameworks";
			outputPaths = (
				"${TARGET_BUILD_DIR}/${FRAMEWORKS_FOLDER_PATH}/Alamofire.framework",
				"${TARGET_BUILD_DIR}/${FRAMEWORKS_FOLDER_PATH}/AppAuth.framework",
				"${TARGET_BUILD_DIR}/${FRAMEWORKS_FOLDER_PATH}/openssl_grpc.framework",
				"${TARGET_BUILD_DIR}/${FRAMEWORKS_FOLDER_PATH}/CodableFirebase.framework",
				"${TARGET_BUILD_DIR}/${FRAMEWORKS_FOLDER_PATH}/FBSDKCoreKit.framework",
				"${TARGET_BUILD_DIR}/${FRAMEWORKS_FOLDER_PATH}/FBSDKLoginKit.framework",
				"${TARGET_BUILD_DIR}/${FRAMEWORKS_FOLDER_PATH}/GTMAppAuth.framework",
				"${TARGET_BUILD_DIR}/${FRAMEWORKS_FOLDER_PATH}/GTMSessionFetcher.framework",
				"${TARGET_BUILD_DIR}/${FRAMEWORKS_FOLDER_PATH}/GoogleUtilities.framework",
				"${TARGET_BUILD_DIR}/${FRAMEWORKS_FOLDER_PATH}/PromiseKit.framework",
				"${TARGET_BUILD_DIR}/${FRAMEWORKS_FOLDER_PATH}/FBLPromises.framework",
				"${TARGET_BUILD_DIR}/${FRAMEWORKS_FOLDER_PATH}/SDWebImage.framework",
				"${TARGET_BUILD_DIR}/${FRAMEWORKS_FOLDER_PATH}/Signals.framework",
				"${TARGET_BUILD_DIR}/${FRAMEWORKS_FOLDER_PATH}/SwiftyJSON.framework",
				"${TARGET_BUILD_DIR}/${FRAMEWORKS_FOLDER_PATH}/absl.framework",
				"${TARGET_BUILD_DIR}/${FRAMEWORKS_FOLDER_PATH}/grpcpp.framework",
				"${TARGET_BUILD_DIR}/${FRAMEWORKS_FOLDER_PATH}/grpc.framework",
				"${TARGET_BUILD_DIR}/${FRAMEWORKS_FOLDER_PATH}/leveldb.framework",
				"${TARGET_BUILD_DIR}/${FRAMEWORKS_FOLDER_PATH}/nanopb.framework",
			);
			runOnlyForDeploymentPostprocessing = 0;
			shellPath = /bin/sh;
			shellScript = "\"${PODS_ROOT}/Target Support Files/Pods-Breaze/Pods-Breaze-frameworks.sh\"\n";
			showEnvVarsInLog = 0;
		};
		7C663223189B0610C477BB59 /* [CP] Copy Pods Resources */ = {
			isa = PBXShellScriptBuildPhase;
			buildActionMask = 2147483647;
			files = (
			);
			inputPaths = (
				"${PODS_ROOT}/Target Support Files/Pods-Breaze/Pods-Breaze-resources.sh",
				"${PODS_CONFIGURATION_BUILD_DIR}/FirebaseUI/FirebaseAnonymousAuthUI.bundle",
				"${PODS_CONFIGURATION_BUILD_DIR}/FirebaseUI/FirebaseAuthUI.bundle",
				"${PODS_CONFIGURATION_BUILD_DIR}/FirebaseUI/FirebaseEmailAuthUI.bundle",
				"${PODS_CONFIGURATION_BUILD_DIR}/FirebaseUI/FirebaseFacebookAuthUI.bundle",
				"${PODS_CONFIGURATION_BUILD_DIR}/FirebaseUI/FirebaseGoogleAuthUI.bundle",
				"${PODS_CONFIGURATION_BUILD_DIR}/FirebaseUI/FirebaseOAuthUI.bundle",
				"${PODS_CONFIGURATION_BUILD_DIR}/FirebaseUI/FirebasePhoneAuthUI.bundle",
				"${PODS_ROOT}/GoogleSignIn/Resources/GoogleSignIn.bundle",
			);
			name = "[CP] Copy Pods Resources";
			outputPaths = (
				"${TARGET_BUILD_DIR}/${UNLOCALIZED_RESOURCES_FOLDER_PATH}/FirebaseAnonymousAuthUI.bundle",
				"${TARGET_BUILD_DIR}/${UNLOCALIZED_RESOURCES_FOLDER_PATH}/FirebaseAuthUI.bundle",
				"${TARGET_BUILD_DIR}/${UNLOCALIZED_RESOURCES_FOLDER_PATH}/FirebaseEmailAuthUI.bundle",
				"${TARGET_BUILD_DIR}/${UNLOCALIZED_RESOURCES_FOLDER_PATH}/FirebaseFacebookAuthUI.bundle",
				"${TARGET_BUILD_DIR}/${UNLOCALIZED_RESOURCES_FOLDER_PATH}/FirebaseGoogleAuthUI.bundle",
				"${TARGET_BUILD_DIR}/${UNLOCALIZED_RESOURCES_FOLDER_PATH}/FirebaseOAuthUI.bundle",
				"${TARGET_BUILD_DIR}/${UNLOCALIZED_RESOURCES_FOLDER_PATH}/FirebasePhoneAuthUI.bundle",
				"${TARGET_BUILD_DIR}/${UNLOCALIZED_RESOURCES_FOLDER_PATH}/GoogleSignIn.bundle",
			);
			runOnlyForDeploymentPostprocessing = 0;
			shellPath = /bin/sh;
			shellScript = "\"${PODS_ROOT}/Target Support Files/Pods-Breaze/Pods-Breaze-resources.sh\"\n";
			showEnvVarsInLog = 0;
		};
		A1D9DDD53C0256631E7CD254 /* [CP] Check Pods Manifest.lock */ = {
			isa = PBXShellScriptBuildPhase;
			buildActionMask = 2147483647;
			files = (
			);
			inputFileListPaths = (
			);
			inputPaths = (
				"${PODS_PODFILE_DIR_PATH}/Podfile.lock",
				"${PODS_ROOT}/Manifest.lock",
			);
			name = "[CP] Check Pods Manifest.lock";
			outputFileListPaths = (
			);
			outputPaths = (
				"$(DERIVED_FILE_DIR)/Pods-Breaze-checkManifestLockResult.txt",
			);
			runOnlyForDeploymentPostprocessing = 0;
			shellPath = /bin/sh;
			shellScript = "diff \"${PODS_PODFILE_DIR_PATH}/Podfile.lock\" \"${PODS_ROOT}/Manifest.lock\" > /dev/null\nif [ $? != 0 ] ; then\n    # print error to STDERR\n    echo \"error: The sandbox is not in sync with the Podfile.lock. Run 'pod install' or update your CocoaPods installation.\" >&2\n    exit 1\nfi\n# This output is used by Xcode 'outputs' to avoid re-running this script phase.\necho \"SUCCESS\" > \"${SCRIPT_OUTPUT_FILE_0}\"\n";
			showEnvVarsInLog = 0;
		};
/* End PBXShellScriptBuildPhase section */

/* Begin PBXSourcesBuildPhase section */
		D85A4EE72022D0B500E480FB /* Sources */ = {
			isa = PBXSourcesBuildPhase;
			buildActionMask = 2147483647;
			files = (
				D843EBDD24B3B10300C128A5 /* AudioPlayerArchive.swift in Sources */,
				D84D6E2824BEB5140022A058 /* NetworkUtility.swift in Sources */,
				D892BBA024CBBCF5008E4960 /* ArchiveSuperViewController.swift in Sources */,
				D8449A6824AEF3C200F113F4 /* MonthViewController.swift in Sources */,
				D852C3CB24B1AA1C00029EB9 /* ShowViewController.swift in Sources */,
				D83EB54224CE62170016726C /* ArchiveTabBarController.swift in Sources */,
				D83EB54024CE49880016726C /* StartViewController.swift in Sources */,
				D852C3C924B121E000029EB9 /* ShowsListTableViewCell.swift in Sources */,
				7984F98F24A56EFD00989DB8 /* ArchiveAPI.swift in Sources */,
				D850B8FF24B2BA7400E3DC6B /* AudioPlayer.swift in Sources */,
				791CE1C120B252F100299F76 /* Utils.swift in Sources */,
				D852C3C724B1219400029EB9 /* ShowsListViewController.swift in Sources */,
				7984F98D24A4565400989DB8 /* YearViewController.swift in Sources */,
				D85A4EEF2022D0B600E480FB /* AppDelegate.swift in Sources */,
				D879502E24C69E2900FB2436 /* MiniPlayerViewController.swift in Sources */,
				D8B65F0024C54A5500F57355 /* DownloadPlayerViewController.swift in Sources */,
				D84D2B8E24C2925A006C8175 /* DownloadsViewController.swift in Sources */,
				D8449A6A24AEF57600F113F4 /* MonthTableViewCell.swift in Sources */,
				D852C3CD24B1AA5100029EB9 /* ShowTableViewCell.swift in Sources */,
				D850B8FD24B26EAC00E3DC6B /* ShowMetadataModel.swift in Sources */,
				D8A5324C24A9AFF2002379CF /* ArchiveCell.swift in Sources */,
				D84C3D8224CD164C007AF4EE /* ShowDetailTableViewCell.swift in Sources */,
				D83EB53E24CE33C60016726C /* ArchiveNavigationController.swift in Sources */,
			);
			runOnlyForDeploymentPostprocessing = 0;
		};
		D85A4EFD2022D0B600E480FB /* Sources */ = {
			isa = PBXSourcesBuildPhase;
			buildActionMask = 2147483647;
			files = (
				D85A4F062022D0B600E480FB /* BreazeTests.swift in Sources */,
			);
			runOnlyForDeploymentPostprocessing = 0;
		};
		D85A4F082022D0B600E480FB /* Sources */ = {
			isa = PBXSourcesBuildPhase;
			buildActionMask = 2147483647;
			files = (
				D85A4F112022D0B600E480FB /* BreazeUITests.swift in Sources */,
			);
			runOnlyForDeploymentPostprocessing = 0;
		};
/* End PBXSourcesBuildPhase section */

/* Begin PBXTargetDependency section */
		D85A4F032022D0B600E480FB /* PBXTargetDependency */ = {
			isa = PBXTargetDependency;
			target = D85A4EEA2022D0B500E480FB /* Breaze */;
			targetProxy = D85A4F022022D0B600E480FB /* PBXContainerItemProxy */;
		};
		D85A4F0E2022D0B600E480FB /* PBXTargetDependency */ = {
			isa = PBXTargetDependency;
			target = D85A4EEA2022D0B500E480FB /* Breaze */;
			targetProxy = D85A4F0D2022D0B600E480FB /* PBXContainerItemProxy */;
		};
/* End PBXTargetDependency section */

/* Begin PBXVariantGroup section */
		D85A4EF42022D0B600E480FB /* Main.storyboard */ = {
			isa = PBXVariantGroup;
			children = (
				D85A4EF52022D0B600E480FB /* Base */,
			);
			name = Main.storyboard;
			sourceTree = "<group>";
		};
		D85A4EF92022D0B600E480FB /* LaunchScreen.storyboard */ = {
			isa = PBXVariantGroup;
			children = (
				D85A4EFA2022D0B600E480FB /* Base */,
			);
			name = LaunchScreen.storyboard;
			sourceTree = "<group>";
		};
/* End PBXVariantGroup section */

/* Begin XCBuildConfiguration section */
		D85A4F132022D0B600E480FB /* Debug */ = {
			isa = XCBuildConfiguration;
			buildSettings = {
				ALWAYS_SEARCH_USER_PATHS = NO;
				CLANG_ANALYZER_NONNULL = YES;
				CLANG_ANALYZER_NUMBER_OBJECT_CONVERSION = YES_AGGRESSIVE;
				CLANG_CXX_LANGUAGE_STANDARD = "gnu++14";
				CLANG_CXX_LIBRARY = "libc++";
				CLANG_ENABLE_MODULES = YES;
				CLANG_ENABLE_OBJC_ARC = YES;
				CLANG_WARN_BLOCK_CAPTURE_AUTORELEASING = YES;
				CLANG_WARN_BOOL_CONVERSION = YES;
				CLANG_WARN_COMMA = YES;
				CLANG_WARN_CONSTANT_CONVERSION = YES;
				CLANG_WARN_DEPRECATED_OBJC_IMPLEMENTATIONS = YES;
				CLANG_WARN_DIRECT_OBJC_ISA_USAGE = YES_ERROR;
				CLANG_WARN_DOCUMENTATION_COMMENTS = YES;
				CLANG_WARN_EMPTY_BODY = YES;
				CLANG_WARN_ENUM_CONVERSION = YES;
				CLANG_WARN_INFINITE_RECURSION = YES;
				CLANG_WARN_INT_CONVERSION = YES;
				CLANG_WARN_NON_LITERAL_NULL_CONVERSION = YES;
				CLANG_WARN_OBJC_IMPLICIT_RETAIN_SELF = YES;
				CLANG_WARN_OBJC_LITERAL_CONVERSION = YES;
				CLANG_WARN_OBJC_ROOT_CLASS = YES_ERROR;
				CLANG_WARN_RANGE_LOOP_ANALYSIS = YES;
				CLANG_WARN_STRICT_PROTOTYPES = YES;
				CLANG_WARN_SUSPICIOUS_MOVE = YES;
				CLANG_WARN_UNGUARDED_AVAILABILITY = YES_AGGRESSIVE;
				CLANG_WARN_UNREACHABLE_CODE = YES;
				CLANG_WARN__DUPLICATE_METHOD_MATCH = YES;
				CODE_SIGN_IDENTITY = "iPhone Developer";
				COPY_PHASE_STRIP = NO;
				DEBUG_INFORMATION_FORMAT = dwarf;
				ENABLE_STRICT_OBJC_MSGSEND = YES;
				ENABLE_TESTABILITY = YES;
				GCC_C_LANGUAGE_STANDARD = gnu11;
				GCC_DYNAMIC_NO_PIC = NO;
				GCC_NO_COMMON_BLOCKS = YES;
				GCC_OPTIMIZATION_LEVEL = 0;
				GCC_PREPROCESSOR_DEFINITIONS = (
					"DEBUG=1",
					"$(inherited)",
				);
				GCC_WARN_64_TO_32_BIT_CONVERSION = YES;
				GCC_WARN_ABOUT_RETURN_TYPE = YES_ERROR;
				GCC_WARN_UNDECLARED_SELECTOR = YES;
				GCC_WARN_UNINITIALIZED_AUTOS = YES_AGGRESSIVE;
				GCC_WARN_UNUSED_FUNCTION = YES;
				GCC_WARN_UNUSED_VARIABLE = YES;
				IPHONEOS_DEPLOYMENT_TARGET = 11.2;
				MTL_ENABLE_DEBUG_INFO = YES;
				ONLY_ACTIVE_ARCH = YES;
				SDKROOT = iphoneos;
				SWIFT_ACTIVE_COMPILATION_CONDITIONS = DEBUG;
				SWIFT_OPTIMIZATION_LEVEL = "-Onone";
			};
			name = Debug;
		};
		D85A4F142022D0B600E480FB /* Release */ = {
			isa = XCBuildConfiguration;
			buildSettings = {
				ALWAYS_SEARCH_USER_PATHS = NO;
				CLANG_ANALYZER_NONNULL = YES;
				CLANG_ANALYZER_NUMBER_OBJECT_CONVERSION = YES_AGGRESSIVE;
				CLANG_CXX_LANGUAGE_STANDARD = "gnu++14";
				CLANG_CXX_LIBRARY = "libc++";
				CLANG_ENABLE_MODULES = YES;
				CLANG_ENABLE_OBJC_ARC = YES;
				CLANG_WARN_BLOCK_CAPTURE_AUTORELEASING = YES;
				CLANG_WARN_BOOL_CONVERSION = YES;
				CLANG_WARN_COMMA = YES;
				CLANG_WARN_CONSTANT_CONVERSION = YES;
				CLANG_WARN_DEPRECATED_OBJC_IMPLEMENTATIONS = YES;
				CLANG_WARN_DIRECT_OBJC_ISA_USAGE = YES_ERROR;
				CLANG_WARN_DOCUMENTATION_COMMENTS = YES;
				CLANG_WARN_EMPTY_BODY = YES;
				CLANG_WARN_ENUM_CONVERSION = YES;
				CLANG_WARN_INFINITE_RECURSION = YES;
				CLANG_WARN_INT_CONVERSION = YES;
				CLANG_WARN_NON_LITERAL_NULL_CONVERSION = YES;
				CLANG_WARN_OBJC_IMPLICIT_RETAIN_SELF = YES;
				CLANG_WARN_OBJC_LITERAL_CONVERSION = YES;
				CLANG_WARN_OBJC_ROOT_CLASS = YES_ERROR;
				CLANG_WARN_RANGE_LOOP_ANALYSIS = YES;
				CLANG_WARN_STRICT_PROTOTYPES = YES;
				CLANG_WARN_SUSPICIOUS_MOVE = YES;
				CLANG_WARN_UNGUARDED_AVAILABILITY = YES_AGGRESSIVE;
				CLANG_WARN_UNREACHABLE_CODE = YES;
				CLANG_WARN__DUPLICATE_METHOD_MATCH = YES;
				CODE_SIGN_IDENTITY = "iPhone Developer";
				COPY_PHASE_STRIP = NO;
				DEBUG_INFORMATION_FORMAT = "dwarf-with-dsym";
				ENABLE_NS_ASSERTIONS = NO;
				ENABLE_STRICT_OBJC_MSGSEND = YES;
				GCC_C_LANGUAGE_STANDARD = gnu11;
				GCC_NO_COMMON_BLOCKS = YES;
				GCC_WARN_64_TO_32_BIT_CONVERSION = YES;
				GCC_WARN_ABOUT_RETURN_TYPE = YES_ERROR;
				GCC_WARN_UNDECLARED_SELECTOR = YES;
				GCC_WARN_UNINITIALIZED_AUTOS = YES_AGGRESSIVE;
				GCC_WARN_UNUSED_FUNCTION = YES;
				GCC_WARN_UNUSED_VARIABLE = YES;
				IPHONEOS_DEPLOYMENT_TARGET = 11.2;
				MTL_ENABLE_DEBUG_INFO = NO;
				SDKROOT = iphoneos;
				SWIFT_OPTIMIZATION_LEVEL = "-Owholemodule";
				VALIDATE_PRODUCT = YES;
			};
			name = Release;
		};
		D85A4F162022D0B600E480FB /* Debug */ = {
			isa = XCBuildConfiguration;
			baseConfigurationReference = 3354391D1DF6754426481759 /* Pods-Breaze.debug.xcconfig */;
			buildSettings = {
				ASSETCATALOG_COMPILER_APPICON_NAME = AppIcon;
				CODE_SIGN_ENTITLEMENTS = Breaze/Breaze.entitlements;
				CODE_SIGN_STYLE = Automatic;
				CURRENT_PROJECT_VERSION = 1;
				DEVELOPMENT_TEAM = 9HA3P2ES79;
				INFOPLIST_FILE = Breaze/Info.plist;
				LD_RUNPATH_SEARCH_PATHS = "$(inherited) @executable_path/Frameworks";
				MARKETING_VERSION = 1.4;
				PRODUCT_BUNDLE_IDENTIFIER = com.carquinez.chateau;
				PRODUCT_NAME = Chateau;
				SWIFT_VERSION = 5.0;
				TARGETED_DEVICE_FAMILY = "1,2";
			};
			name = Debug;
		};
		D85A4F172022D0B600E480FB /* Release */ = {
			isa = XCBuildConfiguration;
			baseConfigurationReference = 4D96B2C7509FC4CCF930BABF /* Pods-Breaze.release.xcconfig */;
			buildSettings = {
				ASSETCATALOG_COMPILER_APPICON_NAME = AppIcon;
				CODE_SIGN_ENTITLEMENTS = Breaze/Breaze.entitlements;
				CODE_SIGN_STYLE = Automatic;
				CURRENT_PROJECT_VERSION = 1;
				DEVELOPMENT_TEAM = 9HA3P2ES79;
				INFOPLIST_FILE = Breaze/Info.plist;
				LD_RUNPATH_SEARCH_PATHS = "$(inherited) @executable_path/Frameworks";
				MARKETING_VERSION = 1.4;
				PRODUCT_BUNDLE_IDENTIFIER = com.carquinez.chateau;
				PRODUCT_NAME = Chateau;
				SWIFT_VERSION = 5.0;
				TARGETED_DEVICE_FAMILY = "1,2";
			};
			name = Release;
		};
		D85A4F192022D0B600E480FB /* Debug */ = {
			isa = XCBuildConfiguration;
			baseConfigurationReference = 9C04CF7422E0CBAEE4822157 /* Pods-BreazeTests.debug.xcconfig */;
			buildSettings = {
				ALWAYS_EMBED_SWIFT_STANDARD_LIBRARIES = YES;
				BUNDLE_LOADER = "$(TEST_HOST)";
				CODE_SIGN_STYLE = Automatic;
				DEVELOPMENT_TEAM = 9HA3P2ES79;
				INFOPLIST_FILE = BreazeTests/Info.plist;
				LD_RUNPATH_SEARCH_PATHS = "$(inherited) @executable_path/Frameworks @loader_path/Frameworks";
				PRODUCT_BUNDLE_IDENTIFIER = com.Carquinez.BreazeTests;
				PRODUCT_NAME = "$(TARGET_NAME)";
				SWIFT_VERSION = 5.0;
				TARGETED_DEVICE_FAMILY = "1,2";
				TEST_HOST = "$(BUILT_PRODUCTS_DIR)/Breaze.app/Breaze";
			};
			name = Debug;
		};
		D85A4F1A2022D0B600E480FB /* Release */ = {
			isa = XCBuildConfiguration;
			baseConfigurationReference = 0E3F589E9924B154B7249143 /* Pods-BreazeTests.release.xcconfig */;
			buildSettings = {
				ALWAYS_EMBED_SWIFT_STANDARD_LIBRARIES = YES;
				BUNDLE_LOADER = "$(TEST_HOST)";
				CODE_SIGN_STYLE = Automatic;
				DEVELOPMENT_TEAM = 9HA3P2ES79;
				INFOPLIST_FILE = BreazeTests/Info.plist;
				LD_RUNPATH_SEARCH_PATHS = "$(inherited) @executable_path/Frameworks @loader_path/Frameworks";
				PRODUCT_BUNDLE_IDENTIFIER = com.Carquinez.BreazeTests;
				PRODUCT_NAME = "$(TARGET_NAME)";
				SWIFT_VERSION = 5.0;
				TARGETED_DEVICE_FAMILY = "1,2";
				TEST_HOST = "$(BUILT_PRODUCTS_DIR)/Breaze.app/Breaze";
			};
			name = Release;
		};
		D85A4F1C2022D0B600E480FB /* Debug */ = {
			isa = XCBuildConfiguration;
			baseConfigurationReference = CCE8FC1545CF717B71C529A8 /* Pods-BreazeUITests.debug.xcconfig */;
			buildSettings = {
				ALWAYS_EMBED_SWIFT_STANDARD_LIBRARIES = YES;
				CODE_SIGN_STYLE = Automatic;
				DEVELOPMENT_TEAM = 9HA3P2ES79;
				INFOPLIST_FILE = BreazeUITests/Info.plist;
				LD_RUNPATH_SEARCH_PATHS = "$(inherited) @executable_path/Frameworks @loader_path/Frameworks";
				PRODUCT_BUNDLE_IDENTIFIER = com.Carquinez.BreazeUITests;
				PRODUCT_NAME = "$(TARGET_NAME)";
				SWIFT_VERSION = 5.0;
				TARGETED_DEVICE_FAMILY = "1,2";
				TEST_TARGET_NAME = Breaze;
			};
			name = Debug;
		};
		D85A4F1D2022D0B600E480FB /* Release */ = {
			isa = XCBuildConfiguration;
			baseConfigurationReference = 1315CB8B613D6B0310848396 /* Pods-BreazeUITests.release.xcconfig */;
			buildSettings = {
				ALWAYS_EMBED_SWIFT_STANDARD_LIBRARIES = YES;
				CODE_SIGN_STYLE = Automatic;
				DEVELOPMENT_TEAM = 9HA3P2ES79;
				INFOPLIST_FILE = BreazeUITests/Info.plist;
				LD_RUNPATH_SEARCH_PATHS = "$(inherited) @executable_path/Frameworks @loader_path/Frameworks";
				PRODUCT_BUNDLE_IDENTIFIER = com.Carquinez.BreazeUITests;
				PRODUCT_NAME = "$(TARGET_NAME)";
				SWIFT_VERSION = 5.0;
				TARGETED_DEVICE_FAMILY = "1,2";
				TEST_TARGET_NAME = Breaze;
			};
			name = Release;
		};
/* End XCBuildConfiguration section */

/* Begin XCConfigurationList section */
		D85A4EE62022D0B500E480FB /* Build configuration list for PBXProject "Breaze" */ = {
			isa = XCConfigurationList;
			buildConfigurations = (
				D85A4F132022D0B600E480FB /* Debug */,
				D85A4F142022D0B600E480FB /* Release */,
			);
			defaultConfigurationIsVisible = 0;
			defaultConfigurationName = Release;
		};
		D85A4F152022D0B600E480FB /* Build configuration list for PBXNativeTarget "Breaze" */ = {
			isa = XCConfigurationList;
			buildConfigurations = (
				D85A4F162022D0B600E480FB /* Debug */,
				D85A4F172022D0B600E480FB /* Release */,
			);
			defaultConfigurationIsVisible = 0;
			defaultConfigurationName = Release;
		};
		D85A4F182022D0B600E480FB /* Build configuration list for PBXNativeTarget "BreazeTests" */ = {
			isa = XCConfigurationList;
			buildConfigurations = (
				D85A4F192022D0B600E480FB /* Debug */,
				D85A4F1A2022D0B600E480FB /* Release */,
			);
			defaultConfigurationIsVisible = 0;
			defaultConfigurationName = Release;
		};
		D85A4F1B2022D0B600E480FB /* Build configuration list for PBXNativeTarget "BreazeUITests" */ = {
			isa = XCConfigurationList;
			buildConfigurations = (
				D85A4F1C2022D0B600E480FB /* Debug */,
				D85A4F1D2022D0B600E480FB /* Release */,
			);
			defaultConfigurationIsVisible = 0;
			defaultConfigurationName = Release;
		};
/* End XCConfigurationList section */
	};
	rootObject = D85A4EE32022D0B500E480FB /* Project object */;
}
